// !$*UTF8*$!
{
	archiveVersion = 1;
	classes = {
	};
	objectVersion = 46;
	objects = {

/* Begin PBXBuildFile section */
		34B65D5C17559453009CFA73 /* FontAwesome.ttf in Resources */ = {isa = PBXBuildFile; fileRef = 34B65D5B17559453009CFA73 /* FontAwesome.ttf */; };
		690FB6BC1962E62D00D545CF /* EDDSettingsHelper.m in Sources */ = {isa = PBXBuildFile; fileRef = 690FB6B41962E62D00D545CF /* EDDSettingsHelper.m */; };
		690FB6BD1962E62D00D545CF /* NSString+DateHelper.m in Sources */ = {isa = PBXBuildFile; fileRef = 690FB6B71962E62D00D545CF /* NSString+DateHelper.m */; };
		690FB6BE1962E62D00D545CF /* UIColor+Helpers.m in Sources */ = {isa = PBXBuildFile; fileRef = 690FB6B91962E62D00D545CF /* UIColor+Helpers.m */; };
		690FB6C51962E66700D545CF /* UIView+EDDAdditions.m in Sources */ = {isa = PBXBuildFile; fileRef = 690FB6C41962E66700D545CF /* UIView+EDDAdditions.m */; };
		690FB6CB1962F03500D545CF /* UIScrollView+EDDAdditions.m in Sources */ = {isa = PBXBuildFile; fileRef = 690FB6CA1962F03500D545CF /* UIScrollView+EDDAdditions.m */; };
		693CAA2319FBE5620016C3D7 /* Images.xcassets in Resources */ = {isa = PBXBuildFile; fileRef = 693CAA2219FBE5620016C3D7 /* Images.xcassets */; };
		693CAA2619FBFCBD0016C3D7 /* EDDHelpers.m in Sources */ = {isa = PBXBuildFile; fileRef = 693CAA2519FBFCBD0016C3D7 /* EDDHelpers.m */; };
		6951D26216FA099700A24034 /* Crashlytics.framework in Frameworks */ = {isa = PBXBuildFile; fileRef = 6951D26116FA099700A24034 /* Crashlytics.framework */; };
		6961A8FF16F4C74E0042E7B9 /* QuartzCore.framework in Frameworks */ = {isa = PBXBuildFile; fileRef = 6961A8FE16F4C74E0042E7B9 /* QuartzCore.framework */; };
		69659C7616E8ED62006BEE11 /* UIKit.framework in Frameworks */ = {isa = PBXBuildFile; fileRef = 69659C7516E8ED62006BEE11 /* UIKit.framework */; };
		69659C7816E8ED62006BEE11 /* Foundation.framework in Frameworks */ = {isa = PBXBuildFile; fileRef = 69659C7716E8ED62006BEE11 /* Foundation.framework */; };
		69659C7A16E8ED62006BEE11 /* CoreGraphics.framework in Frameworks */ = {isa = PBXBuildFile; fileRef = 69659C7916E8ED62006BEE11 /* CoreGraphics.framework */; };
		69659CA216E8ED99006BEE11 /* EDDAppDelegate.m in Sources */ = {isa = PBXBuildFile; fileRef = 69659C9A16E8ED99006BEE11 /* EDDAppDelegate.m */; };
		69659CA416E8ED99006BEE11 /* main.m in Sources */ = {isa = PBXBuildFile; fileRef = 69659C9D16E8ED99006BEE11 /* main.m */; };
		69659CD716E8F3CA006BEE11 /* SystemConfiguration.framework in Frameworks */ = {isa = PBXBuildFile; fileRef = 69659CD616E8F3CA006BEE11 /* SystemConfiguration.framework */; };
		69659CD916E8F3D6006BEE11 /* MobileCoreServices.framework in Frameworks */ = {isa = PBXBuildFile; fileRef = 69659CD816E8F3D6006BEE11 /* MobileCoreServices.framework */; };
		F5060F091C3920EE00165E7C /* EDDDashboardGraphTableViewCell.m in Sources */ = {isa = PBXBuildFile; fileRef = F5060F081C3920EE00165E7C /* EDDDashboardGraphTableViewCell.m */; };
		F5060F0F1C39328400165E7C /* EDDSalesTableViewCell.m in Sources */ = {isa = PBXBuildFile; fileRef = F5060F0E1C39328400165E7C /* EDDSalesTableViewCell.m */; };
		F5060F121C39411B00165E7C /* EDDCachingAgent.m in Sources */ = {isa = PBXBuildFile; fileRef = F5060F111C39411B00165E7C /* EDDCachingAgent.m */; };
		F515128C1C32F2F200455593 /* libGoogleAnalyticsServices.a in Frameworks */ = {isa = PBXBuildFile; fileRef = F515128B1C32F2F200455593 /* libGoogleAnalyticsServices.a */; };
		F515128E1C32F34100455593 /* Security.framework in Frameworks */ = {isa = PBXBuildFile; fileRef = F515128D1C32F34100455593 /* Security.framework */; };
		F5182EAD1C39827500D0DF65 /* EDDSiteSwitchViewController.m in Sources */ = {isa = PBXBuildFile; fileRef = F5182EAC1C39827500D0DF65 /* EDDSiteSwitchViewController.m */; };
		F5182EB01C39E07900D0DF65 /* EDDEditDashboardViewController.m in Sources */ = {isa = PBXBuildFile; fileRef = F5182EAF1C39E07900D0DF65 /* EDDEditDashboardViewController.m */; };
		F54F740E1C32EDB10078517A /* CoreData.framework in Frameworks */ = {isa = PBXBuildFile; fileRef = F54F740D1C32EDB10078517A /* CoreData.framework */; };
		F54F74101C32EDCD0078517A /* libsqlite3.tbd in Frameworks */ = {isa = PBXBuildFile; fileRef = F54F740F1C32EDCD0078517A /* libsqlite3.tbd */; };
		F54F74121C32EDD50078517A /* libz.tbd in Frameworks */ = {isa = PBXBuildFile; fileRef = F54F74111C32EDD50078517A /* libz.tbd */; };
		F556BDE11C334A0800DBDE9A /* EDDCommissionsViewController.m in Sources */ = {isa = PBXBuildFile; fileRef = F556BDE01C334A0800DBDE9A /* EDDCommissionsViewController.m */; };
		F556BDE41C334A1B00DBDE9A /* EDDReviewsViewController.m in Sources */ = {isa = PBXBuildFile; fileRef = F556BDE31C334A1B00DBDE9A /* EDDReviewsViewController.m */; };
		F556BDE81C34131E00DBDE9A /* EDDHighlightButton.m in Sources */ = {isa = PBXBuildFile; fileRef = F556BDE71C34131E00DBDE9A /* EDDHighlightButton.m */; };
		F5879EF51B8E20B9005B915C /* EDDSetupTextField.m in Sources */ = {isa = PBXBuildFile; fileRef = F5879EF41B8E20B9005B915C /* EDDSetupTextField.m */; };
		F5879EF71B8E4705005B915C /* EDD.xcassets in Resources */ = {isa = PBXBuildFile; fileRef = F5879EF61B8E4705005B915C /* EDD.xcassets */; };
		F59623B41C3FC606009184D5 /* EDDPercentDrivenInteractiveTransition.m in Sources */ = {isa = PBXBuildFile; fileRef = F59623B31C3FC606009184D5 /* EDDPercentDrivenInteractiveTransition.m */; };
		F5A0515F1C2B68D40078BCF5 /* LocalAuthentication.framework in Frameworks */ = {isa = PBXBuildFile; fileRef = F5A0515E1C2B68D40078BCF5 /* LocalAuthentication.framework */; };
		F5A0518B1C2C056A0078BCF5 /* EDDPickerViewController.m in Sources */ = {isa = PBXBuildFile; fileRef = F5A0518A1C2C056A0078BCF5 /* EDDPickerViewController.m */; };
		F5A0518E1C2C1ABC0078BCF5 /* UIImage+EDDUIImageCategory.m in Sources */ = {isa = PBXBuildFile; fileRef = F5A0518D1C2C1ABC0078BCF5 /* UIImage+EDDUIImageCategory.m */; };
		F5A051921C2C20A40078BCF5 /* EDDSite.m in Sources */ = {isa = PBXBuildFile; fileRef = F5A051911C2C20A40078BCF5 /* EDDSite.m */; };
		F5A051951C2CA8340078BCF5 /* EDDSites.m in Sources */ = {isa = PBXBuildFile; fileRef = F5A051941C2CA8340078BCF5 /* EDDSites.m */; };
		F5A051981C2D4B330078BCF5 /* EDDDashboardViewController.m in Sources */ = {isa = PBXBuildFile; fileRef = F5A051971C2D4B330078BCF5 /* EDDDashboardViewController.m */; };
		F5A0519B1C2D58800078BCF5 /* EDDSalesViewController.m in Sources */ = {isa = PBXBuildFile; fileRef = F5A0519A1C2D58800078BCF5 /* EDDSalesViewController.m */; };
		F5A0519E1C2D588F0078BCF5 /* EDDCustomersViewController.m in Sources */ = {isa = PBXBuildFile; fileRef = F5A0519D1C2D588F0078BCF5 /* EDDCustomersViewController.m */; };
		F5A051A11C2D58990078BCF5 /* EDDReportsViewController.m in Sources */ = {isa = PBXBuildFile; fileRef = F5A051A01C2D58990078BCF5 /* EDDReportsViewController.m */; };
		F5A051A41C2D58A80078BCF5 /* EDDMoreViewController.m in Sources */ = {isa = PBXBuildFile; fileRef = F5A051A31C2D58A80078BCF5 /* EDDMoreViewController.m */; };
		F5A051A61C2D58D40078BCF5 /* Launch Screen.storyboard in Resources */ = {isa = PBXBuildFile; fileRef = F5A051A51C2D58D40078BCF5 /* Launch Screen.storyboard */; };
		F5A051AA1C2DC7D20078BCF5 /* EDDHeaderLabel.m in Sources */ = {isa = PBXBuildFile; fileRef = F5A051A91C2DC7D20078BCF5 /* EDDHeaderLabel.m */; };
		F5A051AE1C2DD8810078BCF5 /* EDDNetworkService.m in Sources */ = {isa = PBXBuildFile; fileRef = F5A051AD1C2DD8810078BCF5 /* EDDNetworkService.m */; };
		F5A051B31C2DDA490078BCF5 /* Reachability.m in Sources */ = {isa = PBXBuildFile; fileRef = F5A051B21C2DDA490078BCF5 /* Reachability.m */; };
		F5A051BB1C2DE10E0078BCF5 /* KeychainItemWrapper.m in Sources */ = {isa = PBXBuildFile; fileRef = F5A051BA1C2DE10E0078BCF5 /* KeychainItemWrapper.m */; };
		F5A051BE1C2E0CEA0078BCF5 /* EDDViewController.m in Sources */ = {isa = PBXBuildFile; fileRef = F5A051BD1C2E0CEA0078BCF5 /* EDDViewController.m */; };
		F5A051C11C2E12870078BCF5 /* EDDDashboardStaticTableViewCell.m in Sources */ = {isa = PBXBuildFile; fileRef = F5A051C01C2E12870078BCF5 /* EDDDashboardStaticTableViewCell.m */; };
		F5A051C71C2E9DC20078BCF5 /* EDDUILabel.m in Sources */ = {isa = PBXBuildFile; fileRef = F5A051C61C2E9DC20078BCF5 /* EDDUILabel.m */; };
		F5A051CA1C31C6F90078BCF5 /* EDDLaunchCell.m in Sources */ = {isa = PBXBuildFile; fileRef = F5A051C91C31C6F90078BCF5 /* EDDLaunchCell.m */; };
		F5A29D541CCC13B0000F999F /* EDDDiscount.m in Sources */ = {isa = PBXBuildFile; fileRef = F5A29D531CCC13B0000F999F /* EDDDiscount.m */; };
		F5A29D571CCC13B9000F999F /* EDDCommission.m in Sources */ = {isa = PBXBuildFile; fileRef = F5A29D561CCC13B9000F999F /* EDDCommission.m */; };
		F5F0E93B1C36E1210023B0E4 /* EDDProduct.m in Sources */ = {isa = PBXBuildFile; fileRef = F5F0E93A1C36E1210023B0E4 /* EDDProduct.m */; };
		F5F0E93E1C36E2E50023B0E4 /* EDDSale.m in Sources */ = {isa = PBXBuildFile; fileRef = F5F0E93D1C36E2E50023B0E4 /* EDDSale.m */; };
		F5F0E9411C36E3B90023B0E4 /* EDDCustomer.m in Sources */ = {isa = PBXBuildFile; fileRef = F5F0E9401C36E3B90023B0E4 /* EDDCustomer.m */; };
		F5F0E94D1C3700840023B0E4 /* BEMAverageLine.m in Sources */ = {isa = PBXBuildFile; fileRef = F5F0E9441C3700840023B0E4 /* BEMAverageLine.m */; };
		F5F0E94E1C3700840023B0E4 /* BEMCircle.m in Sources */ = {isa = PBXBuildFile; fileRef = F5F0E9461C3700840023B0E4 /* BEMCircle.m */; };
		F5F0E94F1C3700840023B0E4 /* BEMLine.m in Sources */ = {isa = PBXBuildFile; fileRef = F5F0E9481C3700840023B0E4 /* BEMLine.m */; };
		F5F0E9501C3700840023B0E4 /* BEMPermanentPopupView.m in Sources */ = {isa = PBXBuildFile; fileRef = F5F0E94A1C3700840023B0E4 /* BEMPermanentPopupView.m */; };
		F5F0E9511C3700840023B0E4 /* BEMSimpleLineGraphView.m in Sources */ = {isa = PBXBuildFile; fileRef = F5F0E94C1C3700840023B0E4 /* BEMSimpleLineGraphView.m */; };
		F5FB87171B8E11880011C8B4 /* EDDSiteController.m in Sources */ = {isa = PBXBuildFile; fileRef = F5FB87161B8E11880011C8B4 /* EDDSiteController.m */; };
		F5FB871D1B8E125B0011C8B4 /* EDDLaunchController.m in Sources */ = {isa = PBXBuildFile; fileRef = F5FB871C1B8E125B0011C8B4 /* EDDLaunchController.m */; };
		F5FB87481B8E1B3B0011C8B4 /* UIColor+EDDUIColorCategory.m in Sources */ = {isa = PBXBuildFile; fileRef = F5FB87471B8E1B3B0011C8B4 /* UIColor+EDDUIColorCategory.m */; };
/* End PBXBuildFile section */

/* Begin PBXFileReference section */
		34B65D5B17559453009CFA73 /* FontAwesome.ttf */ = {isa = PBXFileReference; lastKnownFileType = file; path = FontAwesome.ttf; sourceTree = "<group>"; };
		690FB6B31962E62D00D545CF /* EDDSettingsHelper.h */ = {isa = PBXFileReference; fileEncoding = 4; lastKnownFileType = sourcecode.c.h; path = EDDSettingsHelper.h; sourceTree = "<group>"; };
		690FB6B41962E62D00D545CF /* EDDSettingsHelper.m */ = {isa = PBXFileReference; fileEncoding = 4; lastKnownFileType = sourcecode.c.objc; path = EDDSettingsHelper.m; sourceTree = "<group>"; };
		690FB6B61962E62D00D545CF /* NSString+DateHelper.h */ = {isa = PBXFileReference; fileEncoding = 4; lastKnownFileType = sourcecode.c.h; path = "NSString+DateHelper.h"; sourceTree = "<group>"; };
		690FB6B71962E62D00D545CF /* NSString+DateHelper.m */ = {isa = PBXFileReference; fileEncoding = 4; lastKnownFileType = sourcecode.c.objc; path = "NSString+DateHelper.m"; sourceTree = "<group>"; };
		690FB6B81962E62D00D545CF /* UIColor+Helpers.h */ = {isa = PBXFileReference; fileEncoding = 4; lastKnownFileType = sourcecode.c.h; path = "UIColor+Helpers.h"; sourceTree = "<group>"; };
		690FB6B91962E62D00D545CF /* UIColor+Helpers.m */ = {isa = PBXFileReference; fileEncoding = 4; lastKnownFileType = sourcecode.c.objc; path = "UIColor+Helpers.m"; sourceTree = "<group>"; };
		690FB6C31962E66700D545CF /* UIView+EDDAdditions.h */ = {isa = PBXFileReference; fileEncoding = 4; lastKnownFileType = sourcecode.c.h; path = "UIView+EDDAdditions.h"; sourceTree = "<group>"; };
		690FB6C41962E66700D545CF /* UIView+EDDAdditions.m */ = {isa = PBXFileReference; fileEncoding = 4; lastKnownFileType = sourcecode.c.objc; path = "UIView+EDDAdditions.m"; sourceTree = "<group>"; };
		690FB6C91962F03500D545CF /* UIScrollView+EDDAdditions.h */ = {isa = PBXFileReference; fileEncoding = 4; lastKnownFileType = sourcecode.c.h; path = "UIScrollView+EDDAdditions.h"; sourceTree = "<group>"; };
		690FB6CA1962F03500D545CF /* UIScrollView+EDDAdditions.m */ = {isa = PBXFileReference; fileEncoding = 4; lastKnownFileType = sourcecode.c.objc; path = "UIScrollView+EDDAdditions.m"; sourceTree = "<group>"; };
		693CAA2219FBE5620016C3D7 /* Images.xcassets */ = {isa = PBXFileReference; lastKnownFileType = folder.assetcatalog; name = Images.xcassets; path = EDDSalesTracker/Images.xcassets; sourceTree = "<group>"; };
		693CAA2419FBFCBD0016C3D7 /* EDDHelpers.h */ = {isa = PBXFileReference; fileEncoding = 4; lastKnownFileType = sourcecode.c.h; path = EDDHelpers.h; sourceTree = "<group>"; };
		693CAA2519FBFCBD0016C3D7 /* EDDHelpers.m */ = {isa = PBXFileReference; fileEncoding = 4; lastKnownFileType = sourcecode.c.objc; path = EDDHelpers.m; sourceTree = "<group>"; };
		6951D26116FA099700A24034 /* Crashlytics.framework */ = {isa = PBXFileReference; lastKnownFileType = wrapper.framework; path = Crashlytics.framework; sourceTree = "<group>"; };
		6961A8FE16F4C74E0042E7B9 /* QuartzCore.framework */ = {isa = PBXFileReference; lastKnownFileType = wrapper.framework; name = QuartzCore.framework; path = System/Library/Frameworks/QuartzCore.framework; sourceTree = SDKROOT; };
		69659C7216E8ED62006BEE11 /* EDDSalesTracker.app */ = {isa = PBXFileReference; explicitFileType = wrapper.application; includeInIndex = 0; path = EDDSalesTracker.app; sourceTree = BUILT_PRODUCTS_DIR; };
		69659C7516E8ED62006BEE11 /* UIKit.framework */ = {isa = PBXFileReference; lastKnownFileType = wrapper.framework; name = UIKit.framework; path = System/Library/Frameworks/UIKit.framework; sourceTree = SDKROOT; };
		69659C7716E8ED62006BEE11 /* Foundation.framework */ = {isa = PBXFileReference; lastKnownFileType = wrapper.framework; name = Foundation.framework; path = System/Library/Frameworks/Foundation.framework; sourceTree = SDKROOT; };
		69659C7916E8ED62006BEE11 /* CoreGraphics.framework */ = {isa = PBXFileReference; lastKnownFileType = wrapper.framework; name = CoreGraphics.framework; path = System/Library/Frameworks/CoreGraphics.framework; sourceTree = SDKROOT; };
		69659C9916E8ED99006BEE11 /* EDDAppDelegate.h */ = {isa = PBXFileReference; fileEncoding = 4; lastKnownFileType = sourcecode.c.h; path = EDDAppDelegate.h; sourceTree = "<group>"; };
		69659C9A16E8ED99006BEE11 /* EDDAppDelegate.m */ = {isa = PBXFileReference; fileEncoding = 4; lastKnownFileType = sourcecode.c.objc; path = EDDAppDelegate.m; sourceTree = "<group>"; };
		69659C9B16E8ED99006BEE11 /* EDDSalesTracker-Info.plist */ = {isa = PBXFileReference; fileEncoding = 4; lastKnownFileType = text.plist.xml; path = "EDDSalesTracker-Info.plist"; sourceTree = "<group>"; };
		69659C9C16E8ED99006BEE11 /* EDDSalesTracker-Prefix.pch */ = {isa = PBXFileReference; fileEncoding = 4; lastKnownFileType = sourcecode.c.h; path = "EDDSalesTracker-Prefix.pch"; sourceTree = "<group>"; };
		69659C9D16E8ED99006BEE11 /* main.m */ = {isa = PBXFileReference; fileEncoding = 4; lastKnownFileType = sourcecode.c.objc; path = main.m; sourceTree = "<group>"; };
		69659CD616E8F3CA006BEE11 /* SystemConfiguration.framework */ = {isa = PBXFileReference; lastKnownFileType = wrapper.framework; name = SystemConfiguration.framework; path = System/Library/Frameworks/SystemConfiguration.framework; sourceTree = SDKROOT; };
		69659CD816E8F3D6006BEE11 /* MobileCoreServices.framework */ = {isa = PBXFileReference; lastKnownFileType = wrapper.framework; name = MobileCoreServices.framework; path = System/Library/Frameworks/MobileCoreServices.framework; sourceTree = SDKROOT; };
		69A993641962328A004CAF85 /* EDDAppDefines.h */ = {isa = PBXFileReference; lastKnownFileType = sourcecode.c.h; path = EDDAppDefines.h; sourceTree = "<group>"; };
		F5060F071C3920EE00165E7C /* EDDDashboardGraphTableViewCell.h */ = {isa = PBXFileReference; fileEncoding = 4; lastKnownFileType = sourcecode.c.h; path = EDDDashboardGraphTableViewCell.h; sourceTree = "<group>"; };
		F5060F081C3920EE00165E7C /* EDDDashboardGraphTableViewCell.m */ = {isa = PBXFileReference; fileEncoding = 4; lastKnownFileType = sourcecode.c.objc; path = EDDDashboardGraphTableViewCell.m; sourceTree = "<group>"; };
		F5060F0D1C39328400165E7C /* EDDSalesTableViewCell.h */ = {isa = PBXFileReference; fileEncoding = 4; lastKnownFileType = sourcecode.c.h; path = EDDSalesTableViewCell.h; sourceTree = "<group>"; };
		F5060F0E1C39328400165E7C /* EDDSalesTableViewCell.m */ = {isa = PBXFileReference; fileEncoding = 4; lastKnownFileType = sourcecode.c.objc; path = EDDSalesTableViewCell.m; sourceTree = "<group>"; };
		F5060F101C39411B00165E7C /* EDDCachingAgent.h */ = {isa = PBXFileReference; fileEncoding = 4; lastKnownFileType = sourcecode.c.h; path = EDDCachingAgent.h; sourceTree = "<group>"; };
		F5060F111C39411B00165E7C /* EDDCachingAgent.m */ = {isa = PBXFileReference; fileEncoding = 4; lastKnownFileType = sourcecode.c.objc; path = EDDCachingAgent.m; sourceTree = "<group>"; };
		F515128B1C32F2F200455593 /* libGoogleAnalyticsServices.a */ = {isa = PBXFileReference; lastKnownFileType = archive.ar; path = libGoogleAnalyticsServices.a; sourceTree = "<group>"; };
		F515128D1C32F34100455593 /* Security.framework */ = {isa = PBXFileReference; lastKnownFileType = wrapper.framework; name = Security.framework; path = System/Library/Frameworks/Security.framework; sourceTree = SDKROOT; };
		F5182EAB1C39827500D0DF65 /* EDDSiteSwitchViewController.h */ = {isa = PBXFileReference; fileEncoding = 4; lastKnownFileType = sourcecode.c.h; path = EDDSiteSwitchViewController.h; sourceTree = "<group>"; };
		F5182EAC1C39827500D0DF65 /* EDDSiteSwitchViewController.m */ = {isa = PBXFileReference; fileEncoding = 4; lastKnownFileType = sourcecode.c.objc; path = EDDSiteSwitchViewController.m; sourceTree = "<group>"; };
		F5182EAE1C39E07900D0DF65 /* EDDEditDashboardViewController.h */ = {isa = PBXFileReference; fileEncoding = 4; lastKnownFileType = sourcecode.c.h; path = EDDEditDashboardViewController.h; sourceTree = "<group>"; };
		F5182EAF1C39E07900D0DF65 /* EDDEditDashboardViewController.m */ = {isa = PBXFileReference; fileEncoding = 4; lastKnownFileType = sourcecode.c.objc; path = EDDEditDashboardViewController.m; sourceTree = "<group>"; };
		F54F740D1C32EDB10078517A /* CoreData.framework */ = {isa = PBXFileReference; lastKnownFileType = wrapper.framework; name = CoreData.framework; path = System/Library/Frameworks/CoreData.framework; sourceTree = SDKROOT; };
		F54F740F1C32EDCD0078517A /* libsqlite3.tbd */ = {isa = PBXFileReference; lastKnownFileType = "sourcecode.text-based-dylib-definition"; name = libsqlite3.tbd; path = usr/lib/libsqlite3.tbd; sourceTree = SDKROOT; };
		F54F74111C32EDD50078517A /* libz.tbd */ = {isa = PBXFileReference; lastKnownFileType = "sourcecode.text-based-dylib-definition"; name = libz.tbd; path = usr/lib/libz.tbd; sourceTree = SDKROOT; };
		F54F74161C32EE0D0078517A /* GAI.h */ = {isa = PBXFileReference; fileEncoding = 4; lastKnownFileType = sourcecode.c.h; path = GAI.h; sourceTree = "<group>"; };
		F54F74171C32EE0D0078517A /* GAIDictionaryBuilder.h */ = {isa = PBXFileReference; fileEncoding = 4; lastKnownFileType = sourcecode.c.h; path = GAIDictionaryBuilder.h; sourceTree = "<group>"; };
		F54F74181C32EE0D0078517A /* GAIEcommerceFields.h */ = {isa = PBXFileReference; fileEncoding = 4; lastKnownFileType = sourcecode.c.h; path = GAIEcommerceFields.h; sourceTree = "<group>"; };
		F54F74191C32EE0D0078517A /* GAIEcommerceProduct.h */ = {isa = PBXFileReference; fileEncoding = 4; lastKnownFileType = sourcecode.c.h; path = GAIEcommerceProduct.h; sourceTree = "<group>"; };
		F54F741A1C32EE0D0078517A /* GAIEcommerceProductAction.h */ = {isa = PBXFileReference; fileEncoding = 4; lastKnownFileType = sourcecode.c.h; path = GAIEcommerceProductAction.h; sourceTree = "<group>"; };
		F54F741B1C32EE0D0078517A /* GAIEcommercePromotion.h */ = {isa = PBXFileReference; fileEncoding = 4; lastKnownFileType = sourcecode.c.h; path = GAIEcommercePromotion.h; sourceTree = "<group>"; };
		F54F741C1C32EE0D0078517A /* GAIFields.h */ = {isa = PBXFileReference; fileEncoding = 4; lastKnownFileType = sourcecode.c.h; path = GAIFields.h; sourceTree = "<group>"; };
		F54F741D1C32EE0D0078517A /* GAILogger.h */ = {isa = PBXFileReference; fileEncoding = 4; lastKnownFileType = sourcecode.c.h; path = GAILogger.h; sourceTree = "<group>"; };
		F54F741E1C32EE0D0078517A /* GAITrackedViewController.h */ = {isa = PBXFileReference; fileEncoding = 4; lastKnownFileType = sourcecode.c.h; path = GAITrackedViewController.h; sourceTree = "<group>"; };
		F54F741F1C32EE0D0078517A /* GAITracker.h */ = {isa = PBXFileReference; fileEncoding = 4; lastKnownFileType = sourcecode.c.h; path = GAITracker.h; sourceTree = "<group>"; };
		F556BDDF1C334A0800DBDE9A /* EDDCommissionsViewController.h */ = {isa = PBXFileReference; fileEncoding = 4; lastKnownFileType = sourcecode.c.h; path = EDDCommissionsViewController.h; sourceTree = "<group>"; };
		F556BDE01C334A0800DBDE9A /* EDDCommissionsViewController.m */ = {isa = PBXFileReference; fileEncoding = 4; lastKnownFileType = sourcecode.c.objc; path = EDDCommissionsViewController.m; sourceTree = "<group>"; };
		F556BDE21C334A1B00DBDE9A /* EDDReviewsViewController.h */ = {isa = PBXFileReference; fileEncoding = 4; lastKnownFileType = sourcecode.c.h; path = EDDReviewsViewController.h; sourceTree = "<group>"; };
		F556BDE31C334A1B00DBDE9A /* EDDReviewsViewController.m */ = {isa = PBXFileReference; fileEncoding = 4; lastKnownFileType = sourcecode.c.objc; path = EDDReviewsViewController.m; sourceTree = "<group>"; };
		F556BDE61C34131E00DBDE9A /* EDDHighlightButton.h */ = {isa = PBXFileReference; fileEncoding = 4; lastKnownFileType = sourcecode.c.h; path = EDDHighlightButton.h; sourceTree = "<group>"; };
		F556BDE71C34131E00DBDE9A /* EDDHighlightButton.m */ = {isa = PBXFileReference; fileEncoding = 4; lastKnownFileType = sourcecode.c.objc; path = EDDHighlightButton.m; sourceTree = "<group>"; };
		F5879EF31B8E20B9005B915C /* EDDSetupTextField.h */ = {isa = PBXFileReference; fileEncoding = 4; lastKnownFileType = sourcecode.c.h; path = EDDSetupTextField.h; sourceTree = "<group>"; };
		F5879EF41B8E20B9005B915C /* EDDSetupTextField.m */ = {isa = PBXFileReference; fileEncoding = 4; lastKnownFileType = sourcecode.c.objc; path = EDDSetupTextField.m; sourceTree = "<group>"; };
		F5879EF61B8E4705005B915C /* EDD.xcassets */ = {isa = PBXFileReference; lastKnownFileType = folder.assetcatalog; path = EDD.xcassets; sourceTree = "<group>"; };
		F59623B21C3FC606009184D5 /* EDDPercentDrivenInteractiveTransition.h */ = {isa = PBXFileReference; fileEncoding = 4; lastKnownFileType = sourcecode.c.h; path = EDDPercentDrivenInteractiveTransition.h; sourceTree = "<group>"; };
		F59623B31C3FC606009184D5 /* EDDPercentDrivenInteractiveTransition.m */ = {isa = PBXFileReference; fileEncoding = 4; lastKnownFileType = sourcecode.c.objc; path = EDDPercentDrivenInteractiveTransition.m; sourceTree = "<group>"; };
		F5A0515E1C2B68D40078BCF5 /* LocalAuthentication.framework */ = {isa = PBXFileReference; lastKnownFileType = wrapper.framework; name = LocalAuthentication.framework; path = System/Library/Frameworks/LocalAuthentication.framework; sourceTree = SDKROOT; };
		F5A051891C2C056A0078BCF5 /* EDDPickerViewController.h */ = {isa = PBXFileReference; fileEncoding = 4; lastKnownFileType = sourcecode.c.h; path = EDDPickerViewController.h; sourceTree = "<group>"; };
		F5A0518A1C2C056A0078BCF5 /* EDDPickerViewController.m */ = {isa = PBXFileReference; fileEncoding = 4; lastKnownFileType = sourcecode.c.objc; path = EDDPickerViewController.m; sourceTree = "<group>"; };
		F5A0518C1C2C1ABC0078BCF5 /* UIImage+EDDUIImageCategory.h */ = {isa = PBXFileReference; fileEncoding = 4; lastKnownFileType = sourcecode.c.h; path = "UIImage+EDDUIImageCategory.h"; sourceTree = "<group>"; };
		F5A0518D1C2C1ABC0078BCF5 /* UIImage+EDDUIImageCategory.m */ = {isa = PBXFileReference; fileEncoding = 4; lastKnownFileType = sourcecode.c.objc; path = "UIImage+EDDUIImageCategory.m"; sourceTree = "<group>"; };
		F5A051901C2C20A40078BCF5 /* EDDSite.h */ = {isa = PBXFileReference; fileEncoding = 4; lastKnownFileType = sourcecode.c.h; path = EDDSite.h; sourceTree = "<group>"; };
		F5A051911C2C20A40078BCF5 /* EDDSite.m */ = {isa = PBXFileReference; fileEncoding = 4; lastKnownFileType = sourcecode.c.objc; path = EDDSite.m; sourceTree = "<group>"; };
		F5A051931C2CA8340078BCF5 /* EDDSites.h */ = {isa = PBXFileReference; fileEncoding = 4; lastKnownFileType = sourcecode.c.h; path = EDDSites.h; sourceTree = "<group>"; };
		F5A051941C2CA8340078BCF5 /* EDDSites.m */ = {isa = PBXFileReference; fileEncoding = 4; lastKnownFileType = sourcecode.c.objc; path = EDDSites.m; sourceTree = "<group>"; };
		F5A051961C2D4B330078BCF5 /* EDDDashboardViewController.h */ = {isa = PBXFileReference; fileEncoding = 4; lastKnownFileType = sourcecode.c.h; path = EDDDashboardViewController.h; sourceTree = "<group>"; };
		F5A051971C2D4B330078BCF5 /* EDDDashboardViewController.m */ = {isa = PBXFileReference; fileEncoding = 4; lastKnownFileType = sourcecode.c.objc; path = EDDDashboardViewController.m; sourceTree = "<group>"; };
		F5A051991C2D58800078BCF5 /* EDDSalesViewController.h */ = {isa = PBXFileReference; fileEncoding = 4; lastKnownFileType = sourcecode.c.h; path = EDDSalesViewController.h; sourceTree = "<group>"; };
		F5A0519A1C2D58800078BCF5 /* EDDSalesViewController.m */ = {isa = PBXFileReference; fileEncoding = 4; lastKnownFileType = sourcecode.c.objc; path = EDDSalesViewController.m; sourceTree = "<group>"; };
		F5A0519C1C2D588F0078BCF5 /* EDDCustomersViewController.h */ = {isa = PBXFileReference; fileEncoding = 4; lastKnownFileType = sourcecode.c.h; path = EDDCustomersViewController.h; sourceTree = "<group>"; };
		F5A0519D1C2D588F0078BCF5 /* EDDCustomersViewController.m */ = {isa = PBXFileReference; fileEncoding = 4; lastKnownFileType = sourcecode.c.objc; path = EDDCustomersViewController.m; sourceTree = "<group>"; };
		F5A0519F1C2D58990078BCF5 /* EDDReportsViewController.h */ = {isa = PBXFileReference; fileEncoding = 4; lastKnownFileType = sourcecode.c.h; path = EDDReportsViewController.h; sourceTree = "<group>"; };
		F5A051A01C2D58990078BCF5 /* EDDReportsViewController.m */ = {isa = PBXFileReference; fileEncoding = 4; lastKnownFileType = sourcecode.c.objc; path = EDDReportsViewController.m; sourceTree = "<group>"; };
		F5A051A21C2D58A80078BCF5 /* EDDMoreViewController.h */ = {isa = PBXFileReference; fileEncoding = 4; lastKnownFileType = sourcecode.c.h; path = EDDMoreViewController.h; sourceTree = "<group>"; };
		F5A051A31C2D58A80078BCF5 /* EDDMoreViewController.m */ = {isa = PBXFileReference; fileEncoding = 4; lastKnownFileType = sourcecode.c.objc; path = EDDMoreViewController.m; sourceTree = "<group>"; };
		F5A051A51C2D58D40078BCF5 /* Launch Screen.storyboard */ = {isa = PBXFileReference; fileEncoding = 4; lastKnownFileType = file.storyboard; path = "Launch Screen.storyboard"; sourceTree = "<group>"; };
		F5A051A81C2DC7D20078BCF5 /* EDDHeaderLabel.h */ = {isa = PBXFileReference; fileEncoding = 4; lastKnownFileType = sourcecode.c.h; path = EDDHeaderLabel.h; sourceTree = "<group>"; };
		F5A051A91C2DC7D20078BCF5 /* EDDHeaderLabel.m */ = {isa = PBXFileReference; fileEncoding = 4; lastKnownFileType = sourcecode.c.objc; path = EDDHeaderLabel.m; sourceTree = "<group>"; };
		F5A051AC1C2DD8810078BCF5 /* EDDNetworkService.h */ = {isa = PBXFileReference; fileEncoding = 4; lastKnownFileType = sourcecode.c.h; path = EDDNetworkService.h; sourceTree = "<group>"; };
		F5A051AD1C2DD8810078BCF5 /* EDDNetworkService.m */ = {isa = PBXFileReference; fileEncoding = 4; lastKnownFileType = sourcecode.c.objc; path = EDDNetworkService.m; sourceTree = "<group>"; };
		F5A051B11C2DDA490078BCF5 /* Reachability.h */ = {isa = PBXFileReference; fileEncoding = 4; lastKnownFileType = sourcecode.c.h; path = Reachability.h; sourceTree = "<group>"; };
		F5A051B21C2DDA490078BCF5 /* Reachability.m */ = {isa = PBXFileReference; fileEncoding = 4; lastKnownFileType = sourcecode.c.objc; path = Reachability.m; sourceTree = "<group>"; };
		F5A051B91C2DE10E0078BCF5 /* KeychainItemWrapper.h */ = {isa = PBXFileReference; fileEncoding = 4; lastKnownFileType = sourcecode.c.h; path = KeychainItemWrapper.h; sourceTree = "<group>"; };
		F5A051BA1C2DE10E0078BCF5 /* KeychainItemWrapper.m */ = {isa = PBXFileReference; fileEncoding = 4; lastKnownFileType = sourcecode.c.objc; path = KeychainItemWrapper.m; sourceTree = "<group>"; };
		F5A051BC1C2E0CEA0078BCF5 /* EDDViewController.h */ = {isa = PBXFileReference; fileEncoding = 4; lastKnownFileType = sourcecode.c.h; path = EDDViewController.h; sourceTree = "<group>"; };
		F5A051BD1C2E0CEA0078BCF5 /* EDDViewController.m */ = {isa = PBXFileReference; fileEncoding = 4; lastKnownFileType = sourcecode.c.objc; path = EDDViewController.m; sourceTree = "<group>"; };
		F5A051BF1C2E12870078BCF5 /* EDDDashboardStaticTableViewCell.h */ = {isa = PBXFileReference; fileEncoding = 4; lastKnownFileType = sourcecode.c.h; path = EDDDashboardStaticTableViewCell.h; sourceTree = "<group>"; };
		F5A051C01C2E12870078BCF5 /* EDDDashboardStaticTableViewCell.m */ = {isa = PBXFileReference; fileEncoding = 4; lastKnownFileType = sourcecode.c.objc; path = EDDDashboardStaticTableViewCell.m; sourceTree = "<group>"; };
		F5A051C51C2E9DC20078BCF5 /* EDDUILabel.h */ = {isa = PBXFileReference; fileEncoding = 4; lastKnownFileType = sourcecode.c.h; path = EDDUILabel.h; sourceTree = "<group>"; };
		F5A051C61C2E9DC20078BCF5 /* EDDUILabel.m */ = {isa = PBXFileReference; fileEncoding = 4; lastKnownFileType = sourcecode.c.objc; path = EDDUILabel.m; sourceTree = "<group>"; };
		F5A051C81C31C6F90078BCF5 /* EDDLaunchCell.h */ = {isa = PBXFileReference; fileEncoding = 4; lastKnownFileType = sourcecode.c.h; path = EDDLaunchCell.h; sourceTree = "<group>"; };
		F5A051C91C31C6F90078BCF5 /* EDDLaunchCell.m */ = {isa = PBXFileReference; fileEncoding = 4; lastKnownFileType = sourcecode.c.objc; path = EDDLaunchCell.m; sourceTree = "<group>"; };
		F5A29D521CCC13B0000F999F /* EDDDiscount.h */ = {isa = PBXFileReference; fileEncoding = 4; lastKnownFileType = sourcecode.c.h; path = EDDDiscount.h; sourceTree = "<group>"; };
		F5A29D531CCC13B0000F999F /* EDDDiscount.m */ = {isa = PBXFileReference; fileEncoding = 4; lastKnownFileType = sourcecode.c.objc; path = EDDDiscount.m; sourceTree = "<group>"; };
		F5A29D551CCC13B9000F999F /* EDDCommission.h */ = {isa = PBXFileReference; fileEncoding = 4; lastKnownFileType = sourcecode.c.h; path = EDDCommission.h; sourceTree = "<group>"; };
		F5A29D561CCC13B9000F999F /* EDDCommission.m */ = {isa = PBXFileReference; fileEncoding = 4; lastKnownFileType = sourcecode.c.objc; path = EDDCommission.m; sourceTree = "<group>"; };
		F5F0E9391C36E1210023B0E4 /* EDDProduct.h */ = {isa = PBXFileReference; fileEncoding = 4; lastKnownFileType = sourcecode.c.h; path = EDDProduct.h; sourceTree = "<group>"; };
		F5F0E93A1C36E1210023B0E4 /* EDDProduct.m */ = {isa = PBXFileReference; fileEncoding = 4; lastKnownFileType = sourcecode.c.objc; path = EDDProduct.m; sourceTree = "<group>"; };
		F5F0E93C1C36E2E50023B0E4 /* EDDSale.h */ = {isa = PBXFileReference; fileEncoding = 4; lastKnownFileType = sourcecode.c.h; path = EDDSale.h; sourceTree = "<group>"; };
		F5F0E93D1C36E2E50023B0E4 /* EDDSale.m */ = {isa = PBXFileReference; fileEncoding = 4; lastKnownFileType = sourcecode.c.objc; path = EDDSale.m; sourceTree = "<group>"; };
		F5F0E93F1C36E3B90023B0E4 /* EDDCustomer.h */ = {isa = PBXFileReference; fileEncoding = 4; lastKnownFileType = sourcecode.c.h; path = EDDCustomer.h; sourceTree = "<group>"; };
		F5F0E9401C36E3B90023B0E4 /* EDDCustomer.m */ = {isa = PBXFileReference; fileEncoding = 4; lastKnownFileType = sourcecode.c.objc; path = EDDCustomer.m; sourceTree = "<group>"; };
		F5F0E9431C3700840023B0E4 /* BEMAverageLine.h */ = {isa = PBXFileReference; fileEncoding = 4; lastKnownFileType = sourcecode.c.h; path = BEMAverageLine.h; sourceTree = "<group>"; };
		F5F0E9441C3700840023B0E4 /* BEMAverageLine.m */ = {isa = PBXFileReference; fileEncoding = 4; lastKnownFileType = sourcecode.c.objc; path = BEMAverageLine.m; sourceTree = "<group>"; };
		F5F0E9451C3700840023B0E4 /* BEMCircle.h */ = {isa = PBXFileReference; fileEncoding = 4; lastKnownFileType = sourcecode.c.h; path = BEMCircle.h; sourceTree = "<group>"; };
		F5F0E9461C3700840023B0E4 /* BEMCircle.m */ = {isa = PBXFileReference; fileEncoding = 4; lastKnownFileType = sourcecode.c.objc; path = BEMCircle.m; sourceTree = "<group>"; };
		F5F0E9471C3700840023B0E4 /* BEMLine.h */ = {isa = PBXFileReference; fileEncoding = 4; lastKnownFileType = sourcecode.c.h; path = BEMLine.h; sourceTree = "<group>"; };
		F5F0E9481C3700840023B0E4 /* BEMLine.m */ = {isa = PBXFileReference; fileEncoding = 4; lastKnownFileType = sourcecode.c.objc; path = BEMLine.m; sourceTree = "<group>"; };
		F5F0E9491C3700840023B0E4 /* BEMPermanentPopupView.h */ = {isa = PBXFileReference; fileEncoding = 4; lastKnownFileType = sourcecode.c.h; path = BEMPermanentPopupView.h; sourceTree = "<group>"; };
		F5F0E94A1C3700840023B0E4 /* BEMPermanentPopupView.m */ = {isa = PBXFileReference; fileEncoding = 4; lastKnownFileType = sourcecode.c.objc; path = BEMPermanentPopupView.m; sourceTree = "<group>"; };
		F5F0E94B1C3700840023B0E4 /* BEMSimpleLineGraphView.h */ = {isa = PBXFileReference; fileEncoding = 4; lastKnownFileType = sourcecode.c.h; path = BEMSimpleLineGraphView.h; sourceTree = "<group>"; };
		F5F0E94C1C3700840023B0E4 /* BEMSimpleLineGraphView.m */ = {isa = PBXFileReference; fileEncoding = 4; lastKnownFileType = sourcecode.c.objc; path = BEMSimpleLineGraphView.m; sourceTree = "<group>"; };
		F5FB87151B8E11880011C8B4 /* EDDSiteController.h */ = {isa = PBXFileReference; fileEncoding = 4; lastKnownFileType = sourcecode.c.h; path = EDDSiteController.h; sourceTree = "<group>"; };
		F5FB87161B8E11880011C8B4 /* EDDSiteController.m */ = {isa = PBXFileReference; fileEncoding = 4; lastKnownFileType = sourcecode.c.objc; path = EDDSiteController.m; sourceTree = "<group>"; };
		F5FB871B1B8E125B0011C8B4 /* EDDLaunchController.h */ = {isa = PBXFileReference; fileEncoding = 4; lastKnownFileType = sourcecode.c.h; path = EDDLaunchController.h; sourceTree = "<group>"; };
		F5FB871C1B8E125B0011C8B4 /* EDDLaunchController.m */ = {isa = PBXFileReference; fileEncoding = 4; lastKnownFileType = sourcecode.c.objc; path = EDDLaunchController.m; sourceTree = "<group>"; };
		F5FB87461B8E1B3B0011C8B4 /* UIColor+EDDUIColorCategory.h */ = {isa = PBXFileReference; fileEncoding = 4; lastKnownFileType = sourcecode.c.h; path = "UIColor+EDDUIColorCategory.h"; sourceTree = "<group>"; };
		F5FB87471B8E1B3B0011C8B4 /* UIColor+EDDUIColorCategory.m */ = {isa = PBXFileReference; fileEncoding = 4; lastKnownFileType = sourcecode.c.objc; path = "UIColor+EDDUIColorCategory.m"; sourceTree = "<group>"; };
/* End PBXFileReference section */

/* Begin PBXFrameworksBuildPhase section */
		69659C6F16E8ED62006BEE11 /* Frameworks */ = {
			isa = PBXFrameworksBuildPhase;
			buildActionMask = 2147483647;
			files = (
				F515128E1C32F34100455593 /* Security.framework in Frameworks */,
				F54F74121C32EDD50078517A /* libz.tbd in Frameworks */,
				F54F74101C32EDCD0078517A /* libsqlite3.tbd in Frameworks */,
				F54F740E1C32EDB10078517A /* CoreData.framework in Frameworks */,
				F5A0515F1C2B68D40078BCF5 /* LocalAuthentication.framework in Frameworks */,
				6961A8FF16F4C74E0042E7B9 /* QuartzCore.framework in Frameworks */,
				69659CD916E8F3D6006BEE11 /* MobileCoreServices.framework in Frameworks */,
				69659CD716E8F3CA006BEE11 /* SystemConfiguration.framework in Frameworks */,
				69659C7616E8ED62006BEE11 /* UIKit.framework in Frameworks */,
				69659C7816E8ED62006BEE11 /* Foundation.framework in Frameworks */,
				69659C7A16E8ED62006BEE11 /* CoreGraphics.framework in Frameworks */,
				6951D26216FA099700A24034 /* Crashlytics.framework in Frameworks */,
				F515128C1C32F2F200455593 /* libGoogleAnalyticsServices.a in Frameworks */,
			);
			runOnlyForDeploymentPostprocessing = 0;
		};
/* End PBXFrameworksBuildPhase section */

/* Begin PBXGroup section */
		34B65D5A17559453009CFA73 /* Fonts */ = {
			isa = PBXGroup;
			children = (
				34B65D5B17559453009CFA73 /* FontAwesome.ttf */,
			);
			path = Fonts;
			sourceTree = "<group>";
		};
		690FB6B21962E62D00D545CF /* Helpers */ = {
			isa = PBXGroup;
			children = (
				693CAA2419FBFCBD0016C3D7 /* EDDHelpers.h */,
				693CAA2519FBFCBD0016C3D7 /* EDDHelpers.m */,
				690FB6B31962E62D00D545CF /* EDDSettingsHelper.h */,
				690FB6B41962E62D00D545CF /* EDDSettingsHelper.m */,
			);
			path = Helpers;
			sourceTree = "<group>";
		};
		690FB6B51962E62D00D545CF /* Categories */ = {
			isa = PBXGroup;
			children = (
				690FB6B61962E62D00D545CF /* NSString+DateHelper.h */,
				690FB6B71962E62D00D545CF /* NSString+DateHelper.m */,
				690FB6B81962E62D00D545CF /* UIColor+Helpers.h */,
				690FB6B91962E62D00D545CF /* UIColor+Helpers.m */,
				690FB6C31962E66700D545CF /* UIView+EDDAdditions.h */,
				690FB6C41962E66700D545CF /* UIView+EDDAdditions.m */,
				690FB6C91962F03500D545CF /* UIScrollView+EDDAdditions.h */,
				690FB6CA1962F03500D545CF /* UIScrollView+EDDAdditions.m */,
			);
			path = Categories;
			sourceTree = "<group>";
		};
		69659C6916E8ED62006BEE11 = {
			isa = PBXGroup;
			children = (
				693CAA2219FBE5620016C3D7 /* Images.xcassets */,
				F5FB87441B8E1A870011C8B4 /* Library */,
				F5FB87111B8E10FA0011C8B4 /* UI */,
				69659C9316E8ED99006BEE11 /* Resources */,
				69659C9816E8ED99006BEE11 /* Supporting Files */,
				69659CE916EA3B3D006BEE11 /* Utility */,
				69659C7416E8ED62006BEE11 /* Frameworks */,
				69659C7316E8ED62006BEE11 /* Products */,
			);
			sourceTree = "<group>";
		};
		69659C7316E8ED62006BEE11 /* Products */ = {
			isa = PBXGroup;
			children = (
				69659C7216E8ED62006BEE11 /* EDDSalesTracker.app */,
			);
			path = Products;
			sourceTree = "<group>";
		};
		69659C7416E8ED62006BEE11 /* Frameworks */ = {
			isa = PBXGroup;
			children = (
				F515128D1C32F34100455593 /* Security.framework */,
				F54F74111C32EDD50078517A /* libz.tbd */,
				F54F740F1C32EDCD0078517A /* libsqlite3.tbd */,
				F54F740D1C32EDB10078517A /* CoreData.framework */,
				F5A0515E1C2B68D40078BCF5 /* LocalAuthentication.framework */,
				6951D26116FA099700A24034 /* Crashlytics.framework */,
				6961A8FE16F4C74E0042E7B9 /* QuartzCore.framework */,
				69659CD816E8F3D6006BEE11 /* MobileCoreServices.framework */,
				69659CD616E8F3CA006BEE11 /* SystemConfiguration.framework */,
				69659C7516E8ED62006BEE11 /* UIKit.framework */,
				69659C7716E8ED62006BEE11 /* Foundation.framework */,
				69659C7916E8ED62006BEE11 /* CoreGraphics.framework */,
			);
			path = Frameworks;
			sourceTree = "<group>";
		};
		69659C9316E8ED99006BEE11 /* Resources */ = {
			isa = PBXGroup;
			children = (
				F5879EF61B8E4705005B915C /* EDD.xcassets */,
				34B65D5A17559453009CFA73 /* Fonts */,
				F5A051A51C2D58D40078BCF5 /* Launch Screen.storyboard */,
			);
			path = Resources;
			sourceTree = "<group>";
		};
		69659C9816E8ED99006BEE11 /* Supporting Files */ = {
			isa = PBXGroup;
			children = (
				69659C9916E8ED99006BEE11 /* EDDAppDelegate.h */,
				69659C9A16E8ED99006BEE11 /* EDDAppDelegate.m */,
				69659C9B16E8ED99006BEE11 /* EDDSalesTracker-Info.plist */,
				69659C9C16E8ED99006BEE11 /* EDDSalesTracker-Prefix.pch */,
				69659C9D16E8ED99006BEE11 /* main.m */,
				69A993641962328A004CAF85 /* EDDAppDefines.h */,
			);
			path = "Supporting Files";
			sourceTree = "<group>";
		};
		69659CE916EA3B3D006BEE11 /* Utility */ = {
			isa = PBXGroup;
			children = (
				690FB6B51962E62D00D545CF /* Categories */,
				690FB6B21962E62D00D545CF /* Helpers */,
			);
			path = Utility;
			sourceTree = "<group>";
		};
		F54F74151C32EDFD0078517A /* GoogleAnalytics */ = {
			isa = PBXGroup;
			children = (
				F515128B1C32F2F200455593 /* libGoogleAnalyticsServices.a */,
				F54F74161C32EE0D0078517A /* GAI.h */,
				F54F74171C32EE0D0078517A /* GAIDictionaryBuilder.h */,
				F54F74181C32EE0D0078517A /* GAIEcommerceFields.h */,
				F54F74191C32EE0D0078517A /* GAIEcommerceProduct.h */,
				F54F741A1C32EE0D0078517A /* GAIEcommerceProductAction.h */,
				F54F741B1C32EE0D0078517A /* GAIEcommercePromotion.h */,
				F54F741C1C32EE0D0078517A /* GAIFields.h */,
				F54F741D1C32EE0D0078517A /* GAILogger.h */,
				F54F741E1C32EE0D0078517A /* GAITrackedViewController.h */,
				F54F741F1C32EE0D0078517A /* GAITracker.h */,
			);
			path = GoogleAnalytics;
			sourceTree = "<group>";
		};
		F556BDE51C34131300DBDE9A /* Buttons */ = {
			isa = PBXGroup;
			children = (
				F556BDE61C34131E00DBDE9A /* EDDHighlightButton.h */,
				F556BDE71C34131E00DBDE9A /* EDDHighlightButton.m */,
			);
			path = Buttons;
			sourceTree = "<group>";
		};
		F5879EF21B8E20A0005B915C /* Views */ = {
			isa = PBXGroup;
			children = (
				F5879EF31B8E20B9005B915C /* EDDSetupTextField.h */,
				F5879EF41B8E20B9005B915C /* EDDSetupTextField.m */,
			);
			path = Views;
			sourceTree = "<group>";
		};
		F59623B11C3FC5D1009184D5 /* Animations */ = {
			isa = PBXGroup;
			children = (
				F59623B21C3FC606009184D5 /* EDDPercentDrivenInteractiveTransition.h */,
				F59623B31C3FC606009184D5 /* EDDPercentDrivenInteractiveTransition.m */,
			);
			path = Animations;
			sourceTree = "<group>";
		};
		F5A0518F1C2C20920078BCF5 /* Objects */ = {
			isa = PBXGroup;
			children = (
				F5A051901C2C20A40078BCF5 /* EDDSite.h */,
				F5A051911C2C20A40078BCF5 /* EDDSite.m */,
				F5A051931C2CA8340078BCF5 /* EDDSites.h */,
				F5A051941C2CA8340078BCF5 /* EDDSites.m */,
				F5F0E9391C36E1210023B0E4 /* EDDProduct.h */,
				F5F0E93A1C36E1210023B0E4 /* EDDProduct.m */,
				F5F0E93C1C36E2E50023B0E4 /* EDDSale.h */,
				F5F0E93D1C36E2E50023B0E4 /* EDDSale.m */,
				F5F0E93F1C36E3B90023B0E4 /* EDDCustomer.h */,
				F5F0E9401C36E3B90023B0E4 /* EDDCustomer.m */,
				F5A29D521CCC13B0000F999F /* EDDDiscount.h */,
				F5A29D531CCC13B0000F999F /* EDDDiscount.m */,
				F5A29D551CCC13B9000F999F /* EDDCommission.h */,
				F5A29D561CCC13B9000F999F /* EDDCommission.m */,
			);
			path = Objects;
			sourceTree = "<group>";
		};
		F5A051A71C2DC7BC0078BCF5 /* Labels */ = {
			isa = PBXGroup;
			children = (
				F5A051A81C2DC7D20078BCF5 /* EDDHeaderLabel.h */,
				F5A051A91C2DC7D20078BCF5 /* EDDHeaderLabel.m */,
				F5A051C51C2E9DC20078BCF5 /* EDDUILabel.h */,
				F5A051C61C2E9DC20078BCF5 /* EDDUILabel.m */,
			);
			path = Labels;
			sourceTree = "<group>";
		};
		F5A051AB1C2DD86E0078BCF5 /* Services */ = {
			isa = PBXGroup;
			children = (
				F5A051AC1C2DD8810078BCF5 /* EDDNetworkService.h */,
				F5A051AD1C2DD8810078BCF5 /* EDDNetworkService.m */,
				F5060F101C39411B00165E7C /* EDDCachingAgent.h */,
				F5060F111C39411B00165E7C /* EDDCachingAgent.m */,
			);
			path = Services;
			sourceTree = "<group>";
		};
		F5A051AF1C2DDA260078BCF5 /* Vendor */ = {
			isa = PBXGroup;
			children = (
				F5F0E9421C3700740023B0E4 /* BEMSimpleLineGraph */,
				F54F74151C32EDFD0078517A /* GoogleAnalytics */,
				F5A051B81C2DE0FD0078BCF5 /* KeychainItemWrapper */,
				F5A051B01C2DDA2A0078BCF5 /* Reachability */,
			);
			path = Vendor;
			sourceTree = "<group>";
		};
		F5A051B01C2DDA2A0078BCF5 /* Reachability */ = {
			isa = PBXGroup;
			children = (
				F5A051B11C2DDA490078BCF5 /* Reachability.h */,
				F5A051B21C2DDA490078BCF5 /* Reachability.m */,
			);
			path = Reachability;
			sourceTree = "<group>";
		};
		F5A051B81C2DE0FD0078BCF5 /* KeychainItemWrapper */ = {
			isa = PBXGroup;
			children = (
				F5A051B91C2DE10E0078BCF5 /* KeychainItemWrapper.h */,
				F5A051BA1C2DE10E0078BCF5 /* KeychainItemWrapper.m */,
			);
			path = KeychainItemWrapper;
			sourceTree = "<group>";
		};
		F5F0E9421C3700740023B0E4 /* BEMSimpleLineGraph */ = {
			isa = PBXGroup;
			children = (
				F5F0E9431C3700840023B0E4 /* BEMAverageLine.h */,
				F5F0E9441C3700840023B0E4 /* BEMAverageLine.m */,
				F5F0E9451C3700840023B0E4 /* BEMCircle.h */,
				F5F0E9461C3700840023B0E4 /* BEMCircle.m */,
				F5F0E9471C3700840023B0E4 /* BEMLine.h */,
				F5F0E9481C3700840023B0E4 /* BEMLine.m */,
				F5F0E9491C3700840023B0E4 /* BEMPermanentPopupView.h */,
				F5F0E94A1C3700840023B0E4 /* BEMPermanentPopupView.m */,
				F5F0E94B1C3700840023B0E4 /* BEMSimpleLineGraphView.h */,
				F5F0E94C1C3700840023B0E4 /* BEMSimpleLineGraphView.m */,
			);
			path = BEMSimpleLineGraph;
			sourceTree = "<group>";
		};
		F5FB87111B8E10FA0011C8B4 /* UI */ = {
			isa = PBXGroup;
			children = (
				F59623B11C3FC5D1009184D5 /* Animations */,
				F556BDE51C34131300DBDE9A /* Buttons */,
				F5A051A71C2DC7BC0078BCF5 /* Labels */,
				F5879EF21B8E20A0005B915C /* Views */,
				F5FB87141B8E11240011C8B4 /* TableViewCells */,
				F5FB87131B8E111F0011C8B4 /* TabBarControllers */,
				F5FB87121B8E11030011C8B4 /* ViewControllers */,
			);
			path = UI;
			sourceTree = "<group>";
		};
		F5FB87121B8E11030011C8B4 /* ViewControllers */ = {
			isa = PBXGroup;
			children = (
				F556BDDF1C334A0800DBDE9A /* EDDCommissionsViewController.h */,
				F556BDE01C334A0800DBDE9A /* EDDCommissionsViewController.m */,
				F5A0519C1C2D588F0078BCF5 /* EDDCustomersViewController.h */,
				F5A0519D1C2D588F0078BCF5 /* EDDCustomersViewController.m */,
				F5A051961C2D4B330078BCF5 /* EDDDashboardViewController.h */,
				F5A051971C2D4B330078BCF5 /* EDDDashboardViewController.m */,
				F5182EAE1C39E07900D0DF65 /* EDDEditDashboardViewController.h */,
				F5182EAF1C39E07900D0DF65 /* EDDEditDashboardViewController.m */,
				F5FB871B1B8E125B0011C8B4 /* EDDLaunchController.h */,
				F5FB871C1B8E125B0011C8B4 /* EDDLaunchController.m */,
				F5A051A21C2D58A80078BCF5 /* EDDMoreViewController.h */,
				F5A051A31C2D58A80078BCF5 /* EDDMoreViewController.m */,
				F5A051891C2C056A0078BCF5 /* EDDPickerViewController.h */,
				F5A0518A1C2C056A0078BCF5 /* EDDPickerViewController.m */,
				F5A0519F1C2D58990078BCF5 /* EDDReportsViewController.h */,
				F5A051A01C2D58990078BCF5 /* EDDReportsViewController.m */,
				F556BDE21C334A1B00DBDE9A /* EDDReviewsViewController.h */,
				F556BDE31C334A1B00DBDE9A /* EDDReviewsViewController.m */,
				F5A051991C2D58800078BCF5 /* EDDSalesViewController.h */,
				F5A0519A1C2D58800078BCF5 /* EDDSalesViewController.m */,
				F5182EAB1C39827500D0DF65 /* EDDSiteSwitchViewController.h */,
				F5182EAC1C39827500D0DF65 /* EDDSiteSwitchViewController.m */,
				F5A051BC1C2E0CEA0078BCF5 /* EDDViewController.h */,
				F5A051BD1C2E0CEA0078BCF5 /* EDDViewController.m */,
			);
			path = ViewControllers;
			sourceTree = "<group>";
		};
		F5FB87131B8E111F0011C8B4 /* TabBarControllers */ = {
			isa = PBXGroup;
			children = (
				F5FB87151B8E11880011C8B4 /* EDDSiteController.h */,
				F5FB87161B8E11880011C8B4 /* EDDSiteController.m */,
			);
			path = TabBarControllers;
			sourceTree = "<group>";
		};
		F5FB87141B8E11240011C8B4 /* TableViewCells */ = {
			isa = PBXGroup;
			children = (
				F5060F071C3920EE00165E7C /* EDDDashboardGraphTableViewCell.h */,
				F5060F081C3920EE00165E7C /* EDDDashboardGraphTableViewCell.m */,
				F5A051BF1C2E12870078BCF5 /* EDDDashboardStaticTableViewCell.h */,
				F5A051C01C2E12870078BCF5 /* EDDDashboardStaticTableViewCell.m */,
				F5A051C81C31C6F90078BCF5 /* EDDLaunchCell.h */,
				F5A051C91C31C6F90078BCF5 /* EDDLaunchCell.m */,
				F5060F0D1C39328400165E7C /* EDDSalesTableViewCell.h */,
				F5060F0E1C39328400165E7C /* EDDSalesTableViewCell.m */,
			);
			path = TableViewCells;
			sourceTree = "<group>";
		};
		F5FB87441B8E1A870011C8B4 /* Library */ = {
			isa = PBXGroup;
			children = (
				F5A051AF1C2DDA260078BCF5 /* Vendor */,
				F5A051AB1C2DD86E0078BCF5 /* Services */,
				F5A0518F1C2C20920078BCF5 /* Objects */,
				F5FB87451B8E1A980011C8B4 /* Categories */,
			);
			path = Library;
			sourceTree = "<group>";
		};
		F5FB87451B8E1A980011C8B4 /* Categories */ = {
			isa = PBXGroup;
			children = (
				F5FB87461B8E1B3B0011C8B4 /* UIColor+EDDUIColorCategory.h */,
				F5FB87471B8E1B3B0011C8B4 /* UIColor+EDDUIColorCategory.m */,
				F5A0518C1C2C1ABC0078BCF5 /* UIImage+EDDUIImageCategory.h */,
				F5A0518D1C2C1ABC0078BCF5 /* UIImage+EDDUIImageCategory.m */,
			);
			path = Categories;
			sourceTree = "<group>";
		};
/* End PBXGroup section */

/* Begin PBXNativeTarget section */
		69659C7116E8ED62006BEE11 /* EDDSalesTracker */ = {
			isa = PBXNativeTarget;
			buildConfigurationList = 69659C8F16E8ED63006BEE11 /* Build configuration list for PBXNativeTarget "EDDSalesTracker" */;
			buildPhases = (
				69659C6E16E8ED62006BEE11 /* Sources */,
				69659C6F16E8ED62006BEE11 /* Frameworks */,
				69659C7016E8ED62006BEE11 /* Resources */,
			);
			buildRules = (
			);
			dependencies = (
			);
			name = EDDSalesTracker;
			productName = EDDSalesTracker;
			productReference = 69659C7216E8ED62006BEE11 /* EDDSalesTracker.app */;
			productType = "com.apple.product-type.application";
		};
/* End PBXNativeTarget section */

/* Begin PBXProject section */
		69659C6A16E8ED62006BEE11 /* Project object */ = {
			isa = PBXProject;
			attributes = {
				CLASSPREFIX = EDD;
				LastUpgradeCheck = 0700;
				ORGANIZATIONNAME = "Easy Digital Downloads";
				TargetAttributes = {
					69659C7116E8ED62006BEE11 = {
						DevelopmentTeam = 24QG3NK9K6;
						SystemCapabilities = {
							com.apple.BackgroundModes = {
								enabled = 1;
							};
						};
					};
				};
			};
			buildConfigurationList = 69659C6D16E8ED62006BEE11 /* Build configuration list for PBXProject "EDDSalesTracker" */;
			compatibilityVersion = "Xcode 3.2";
			developmentRegion = English;
			hasScannedForEncodings = 0;
			knownRegions = (
				en,
			);
			mainGroup = 69659C6916E8ED62006BEE11;
			productRefGroup = 69659C7316E8ED62006BEE11 /* Products */;
			projectDirPath = "";
			projectRoot = "";
			targets = (
				69659C7116E8ED62006BEE11 /* EDDSalesTracker */,
			);
		};
/* End PBXProject section */

/* Begin PBXResourcesBuildPhase section */
		69659C7016E8ED62006BEE11 /* Resources */ = {
			isa = PBXResourcesBuildPhase;
			buildActionMask = 2147483647;
			files = (
				693CAA2319FBE5620016C3D7 /* Images.xcassets in Resources */,
				F5879EF71B8E4705005B915C /* EDD.xcassets in Resources */,
				F5A051A61C2D58D40078BCF5 /* Launch Screen.storyboard in Resources */,
				34B65D5C17559453009CFA73 /* FontAwesome.ttf in Resources */,
			);
			runOnlyForDeploymentPostprocessing = 0;
		};
/* End PBXResourcesBuildPhase section */

/* Begin PBXSourcesBuildPhase section */
		69659C6E16E8ED62006BEE11 /* Sources */ = {
			isa = PBXSourcesBuildPhase;
			buildActionMask = 2147483647;
			files = (
				F5F0E94D1C3700840023B0E4 /* BEMAverageLine.m in Sources */,
				69659CA216E8ED99006BEE11 /* EDDAppDelegate.m in Sources */,
				F556BDE81C34131E00DBDE9A /* EDDHighlightButton.m in Sources */,
				69659CA416E8ED99006BEE11 /* main.m in Sources */,
				F5A051AE1C2DD8810078BCF5 /* EDDNetworkService.m in Sources */,
				F5A051981C2D4B330078BCF5 /* EDDDashboardViewController.m in Sources */,
				F556BDE11C334A0800DBDE9A /* EDDCommissionsViewController.m in Sources */,
				F5182EAD1C39827500D0DF65 /* EDDSiteSwitchViewController.m in Sources */,
				F5A051951C2CA8340078BCF5 /* EDDSites.m in Sources */,
				F5060F091C3920EE00165E7C /* EDDDashboardGraphTableViewCell.m in Sources */,
				F5F0E93B1C36E1210023B0E4 /* EDDProduct.m in Sources */,
				F556BDE41C334A1B00DBDE9A /* EDDReviewsViewController.m in Sources */,
				F5FB87481B8E1B3B0011C8B4 /* UIColor+EDDUIColorCategory.m in Sources */,
				F5182EB01C39E07900D0DF65 /* EDDEditDashboardViewController.m in Sources */,
				F5A051A41C2D58A80078BCF5 /* EDDMoreViewController.m in Sources */,
				F59623B41C3FC606009184D5 /* EDDPercentDrivenInteractiveTransition.m in Sources */,
				F5A29D541CCC13B0000F999F /* EDDDiscount.m in Sources */,
				F5A051CA1C31C6F90078BCF5 /* EDDLaunchCell.m in Sources */,
				F5A0518E1C2C1ABC0078BCF5 /* UIImage+EDDUIImageCategory.m in Sources */,
				690FB6CB1962F03500D545CF /* UIScrollView+EDDAdditions.m in Sources */,
				F5A051C11C2E12870078BCF5 /* EDDDashboardStaticTableViewCell.m in Sources */,
				693CAA2619FBFCBD0016C3D7 /* EDDHelpers.m in Sources */,
				690FB6BD1962E62D00D545CF /* NSString+DateHelper.m in Sources */,
				F5F0E94E1C3700840023B0E4 /* BEMCircle.m in Sources */,
				F5A29D571CCC13B9000F999F /* EDDCommission.m in Sources */,
				690FB6BE1962E62D00D545CF /* UIColor+Helpers.m in Sources */,
				F5F0E94F1C3700840023B0E4 /* BEMLine.m in Sources */,
				F5A0519E1C2D588F0078BCF5 /* EDDCustomersViewController.m in Sources */,
				F5F0E9411C36E3B90023B0E4 /* EDDCustomer.m in Sources */,
				F5F0E9501C3700840023B0E4 /* BEMPermanentPopupView.m in Sources */,
				F5A051B31C2DDA490078BCF5 /* Reachability.m in Sources */,
				F5FB87171B8E11880011C8B4 /* EDDSiteController.m in Sources */,
				F5A051BE1C2E0CEA0078BCF5 /* EDDViewController.m in Sources */,
				F5A0519B1C2D58800078BCF5 /* EDDSalesViewController.m in Sources */,
				F5A051A11C2D58990078BCF5 /* EDDReportsViewController.m in Sources */,
				F5A051BB1C2DE10E0078BCF5 /* KeychainItemWrapper.m in Sources */,
				F5879EF51B8E20B9005B915C /* EDDSetupTextField.m in Sources */,
				F5A051C71C2E9DC20078BCF5 /* EDDUILabel.m in Sources */,
				F5A051AA1C2DC7D20078BCF5 /* EDDHeaderLabel.m in Sources */,
				F5060F0F1C39328400165E7C /* EDDSalesTableViewCell.m in Sources */,
				F5F0E93E1C36E2E50023B0E4 /* EDDSale.m in Sources */,
				F5F0E9511C3700840023B0E4 /* BEMSimpleLineGraphView.m in Sources */,
				690FB6C51962E66700D545CF /* UIView+EDDAdditions.m in Sources */,
				690FB6BC1962E62D00D545CF /* EDDSettingsHelper.m in Sources */,
				F5FB871D1B8E125B0011C8B4 /* EDDLaunchController.m in Sources */,
				F5A0518B1C2C056A0078BCF5 /* EDDPickerViewController.m in Sources */,
				F5060F121C39411B00165E7C /* EDDCachingAgent.m in Sources */,
				F5A051921C2C20A40078BCF5 /* EDDSite.m in Sources */,
			);
			runOnlyForDeploymentPostprocessing = 0;
		};
/* End PBXSourcesBuildPhase section */

/* Begin XCBuildConfiguration section */
		69659C8D16E8ED63006BEE11 /* Debug */ = {
			isa = XCBuildConfiguration;
			buildSettings = {
				ALWAYS_SEARCH_USER_PATHS = NO;
				CLANG_CXX_LANGUAGE_STANDARD = "gnu++0x";
				CLANG_CXX_LIBRARY = "libc++";
				CLANG_ENABLE_OBJC_ARC = YES;
				CLANG_WARN_CONSTANT_CONVERSION = YES;
				CLANG_WARN_EMPTY_BODY = YES;
				CLANG_WARN_ENUM_CONVERSION = YES;
				CLANG_WARN_INT_CONVERSION = YES;
				CLANG_WARN__DUPLICATE_METHOD_MATCH = YES;
				"CODE_SIGN_IDENTITY[sdk=iphoneos*]" = "iPhone Developer";
				COPY_PHASE_STRIP = NO;
				ENABLE_TESTABILITY = YES;
				GCC_C_LANGUAGE_STANDARD = gnu99;
				GCC_DYNAMIC_NO_PIC = NO;
				GCC_OPTIMIZATION_LEVEL = 0;
				GCC_PREPROCESSOR_DEFINITIONS = (
					"DEBUG=1",
					"$(inherited)",
				);
				GCC_SYMBOLS_PRIVATE_EXTERN = NO;
				GCC_WARN_ABOUT_RETURN_TYPE = YES;
				GCC_WARN_UNINITIALIZED_AUTOS = YES;
				GCC_WARN_UNUSED_VARIABLE = YES;
				IPHONEOS_DEPLOYMENT_TARGET = 6.0;
				ONLY_ACTIVE_ARCH = YES;
				SDKROOT = iphoneos;
			};
			name = Debug;
		};
		69659C8E16E8ED63006BEE11 /* Release */ = {
			isa = XCBuildConfiguration;
			buildSettings = {
				ALWAYS_SEARCH_USER_PATHS = NO;
				CLANG_CXX_LANGUAGE_STANDARD = "gnu++0x";
				CLANG_CXX_LIBRARY = "libc++";
				CLANG_ENABLE_OBJC_ARC = YES;
				CLANG_WARN_CONSTANT_CONVERSION = YES;
				CLANG_WARN_EMPTY_BODY = YES;
				CLANG_WARN_ENUM_CONVERSION = YES;
				CLANG_WARN_INT_CONVERSION = YES;
				CLANG_WARN__DUPLICATE_METHOD_MATCH = YES;
				"CODE_SIGN_IDENTITY[sdk=iphoneos*]" = "iPhone Developer";
				COPY_PHASE_STRIP = YES;
				GCC_C_LANGUAGE_STANDARD = gnu99;
				GCC_WARN_ABOUT_RETURN_TYPE = YES;
				GCC_WARN_UNINITIALIZED_AUTOS = YES;
				GCC_WARN_UNUSED_VARIABLE = YES;
				IPHONEOS_DEPLOYMENT_TARGET = 6.0;
				OTHER_CFLAGS = "-DNS_BLOCK_ASSERTIONS=1";
				SDKROOT = iphoneos;
				VALIDATE_PRODUCT = YES;
			};
			name = Release;
		};
		69659C9016E8ED63006BEE11 /* Debug */ = {
			isa = XCBuildConfiguration;
			buildSettings = {
				ASSETCATALOG_COMPILER_APPICON_NAME = AppIcon;
				ASSETCATALOG_COMPILER_LAUNCHIMAGE_NAME = LaunchImage;
				CODE_SIGN_IDENTITY = "iPhone Developer";
				"CODE_SIGN_IDENTITY[sdk=iphoneos*]" = "iPhone Developer";
				ENABLE_BITCODE = NO;
				FRAMEWORK_SEARCH_PATHS = (
					"$(inherited)",
					"\"$(SRCROOT)\"",
				);
				GCC_PRECOMPILE_PREFIX_HEADER = YES;
				GCC_PREFIX_HEADER = "Supporting Files/EDDSalesTracker-Prefix.pch";
				INFOPLIST_FILE = "$(SRCROOT)/Supporting Files/EDDSalesTracker-Info.plist";
				IPHONEOS_DEPLOYMENT_TARGET = 9.0;
				LIBRARY_SEARCH_PATHS = (
					"$(inherited)",
					"$(PROJECT_DIR)$(LOCAL_LIBRARY_DIR)/Vendor/GoogleAnalytics",
				);
				PRODUCT_BUNDLE_IDENTIFIER = org.easydigitaldownloads;
				PRODUCT_NAME = "$(TARGET_NAME)";
				PROVISIONING_PROFILE = "";
				TARGETED_DEVICE_FAMILY = "1,2";
				WRAPPER_EXTENSION = app;
			};
			name = Debug;
		};
		69659C9116E8ED63006BEE11 /* Release */ = {
			isa = XCBuildConfiguration;
			buildSettings = {
				ASSETCATALOG_COMPILER_APPICON_NAME = AppIcon;
				ASSETCATALOG_COMPILER_LAUNCHIMAGE_NAME = LaunchImage;
				CODE_SIGN_IDENTITY = "iPhone Developer";
				"CODE_SIGN_IDENTITY[sdk=iphoneos*]" = "iPhone Developer";
				ENABLE_BITCODE = NO;
				FRAMEWORK_SEARCH_PATHS = (
					"$(inherited)",
					"\"$(SRCROOT)\"",
				);
				GCC_PRECOMPILE_PREFIX_HEADER = YES;
				GCC_PREFIX_HEADER = "Supporting Files/EDDSalesTracker-Prefix.pch";
				INFOPLIST_FILE = "$(SRCROOT)/Supporting Files/EDDSalesTracker-Info.plist";
				IPHONEOS_DEPLOYMENT_TARGET = 9.0;
				LIBRARY_SEARCH_PATHS = (
					"$(inherited)",
					"$(PROJECT_DIR)$(LOCAL_LIBRARY_DIR)/Vendor/GoogleAnalytics",
				);
				PRODUCT_BUNDLE_IDENTIFIER = org.easydigitaldownloads;
				PRODUCT_NAME = "$(TARGET_NAME)";
				PROVISIONING_PROFILE = "";
				"PROVISIONING_PROFILE[sdk=iphoneos*]" = "";
				TARGETED_DEVICE_FAMILY = "1,2";
				WRAPPER_EXTENSION = app;
			};
			name = Release;
		};
/* End XCBuildConfiguration section */

/* Begin XCConfigurationList section */
		69659C6D16E8ED62006BEE11 /* Build configuration list for PBXProject "EDDSalesTracker" */ = {
			isa = XCConfigurationList;
			buildConfigurations = (
				69659C8D16E8ED63006BEE11 /* Debug */,
				69659C8E16E8ED63006BEE11 /* Release */,
			);
			defaultConfigurationIsVisible = 0;
			defaultConfigurationName = Release;
		};
		69659C8F16E8ED63006BEE11 /* Build configuration list for PBXNativeTarget "EDDSalesTracker" */ = {
			isa = XCConfigurationList;
			buildConfigurations = (
				69659C9016E8ED63006BEE11 /* Debug */,
				69659C9116E8ED63006BEE11 /* Release */,
			);
			defaultConfigurationIsVisible = 0;
			defaultConfigurationName = Release;
		};
/* End XCConfigurationList section */
	};
	rootObject = 69659C6A16E8ED62006BEE11 /* Project object */;
}
