PODS:
  - Alamofire (3.5.0)
  - AlamofireNetworkActivityIndicator (1.0.1):
    - Alamofire (~> 3.3)
  - BEMSimpleLineGraph (4.1)
  - CocoaLumberjack/Core (2.3.0)
  - CocoaLumberjack/Default (2.3.0):
    - CocoaLumberjack/Core
  - CocoaLumberjack/Extensions (2.3.0):
    - CocoaLumberjack/Default
  - CocoaLumberjack/Swift (2.3.0):
    - CocoaLumberjack/Extensions
  - MCDateExtensions (1.0.2)
  - MZAppearance (1.1.6)
  - MZFormSheetPresentationController (2.4.0):
    - MZAppearance
  - SSKeychain (1.4.0)
  - SVProgressHUD (2.0.3)
  - SwiftyJSON (2.3.2)
  - TTTAttributedLabel (2.0.0)

DEPENDENCIES:
  - Alamofire (~> 3.5)
  - AlamofireNetworkActivityIndicator (~> 1.0)
  - BEMSimpleLineGraph
  - CocoaLumberjack/Swift
  - MCDateExtensions (from `https://github.com/mirego/MCDateExtensions.git`)
  - MZFormSheetPresentationController (~> 2.4)
  - SSKeychain
  - SVProgressHUD
  - SwiftyJSON (~> 2.3)
  - TTTAttributedLabel

EXTERNAL SOURCES:
  MCDateExtensions:
    :git: https://github.com/mirego/MCDateExtensions.git

CHECKOUT OPTIONS:
  MCDateExtensions:
    :commit: 4f066180898f5c9fd549e4574c520fda8367b139
    :git: https://github.com/mirego/MCDateExtensions.git

SPEC CHECKSUMS:
  Alamofire: b70a7352335f8ea5babd0a923eb7e8eacc67b877
  AlamofireNetworkActivityIndicator: 49a6e39afb947136f7b1872bae2d684957c26697
  BEMSimpleLineGraph: 44fd451f27f8e9cf96f2da5bea27603093576dd1
  CocoaLumberjack: 97fab7ee5f507fe54445cca7ea80f926729cfd15
  MCDateExtensions: 93f067b198405405f12c73208619caa436e30bee
  MZAppearance: 0c06d3fa9cc55142f1da14bc8631fbe8fd6e19d5
  MZFormSheetPresentationController: 3b9b6d76adc9f81c2defd0bb59e0f3dc2431e41e
  SSKeychain: c71293fa57216a40ab06c23f4085387583293de4
  SVProgressHUD: b0830714205bea1317ea1a2ebc71e5633af334d4
  SwiftyJSON: 04ccea08915aa0109039157c7974cf0298da292a
  TTTAttributedLabel: 8cffe8e127e4e82ff3af1e5386d4cd0ad000b656

PODFILE CHECKSUM: 376b80afcdcb909ec4d98c12e06bf1145173dbe9

COCOAPODS: 1.1.0.beta.2
