// !$*UTF8*$!
{
	archiveVersion = 1;
	classes = {
	};
	objectVersion = 46;
	objects = {

/* Begin PBXBuildFile section */
		7C14DC6DD9510FCA4A4DAC2D /* Pods_Easy_Digital_Downloads.framework in Frameworks */ = {isa = PBXBuildFile; fileRef = 619A29A076A169C9D993D7AC /* Pods_Easy_Digital_Downloads.framework */; };
		CD9021C0801F1E02FBA0AD0C /* Pods_EDD_Easy_Digital_Downloads.framework in Frameworks */ = {isa = PBXBuildFile; fileRef = 91B1CBEF62024057411CFCDD /* Pods_EDD_Easy_Digital_Downloads.framework */; };
		D6CE78C2858D9E8BB10083C3 /* Pods_EDD_EDDToday.framework in Frameworks */ = {isa = PBXBuildFile; fileRef = 8F20B0B77A3F7F17B151F7B1 /* Pods_EDD_EDDToday.framework */; };
		F502B0031CF435790089EEE1 /* LoginTextField.swift in Sources */ = {isa = PBXBuildFile; fileRef = F502B0021CF435790089EEE1 /* LoginTextField.swift */; };
		F50388861D73393C0059BB38 /* FileDownloadLogsTableViewCell.swift in Sources */ = {isa = PBXBuildFile; fileRef = F50388851D73393C0059BB38 /* FileDownloadLogsTableViewCell.swift */; };
		F50388881D735B030059BB38 /* InfiniteScrollingTableView.swift in Sources */ = {isa = PBXBuildFile; fileRef = F50388871D735B030059BB38 /* InfiniteScrollingTableView.swift */; };
		F503888A1D7368DA0059BB38 /* FileDownloadLogsMetaTableViewCell.swift in Sources */ = {isa = PBXBuildFile; fileRef = F50388891D7368DA0059BB38 /* FileDownloadLogsMetaTableViewCell.swift */; };
		F503888C1D73710E0059BB38 /* FileDownloadLogsPaymentTableViewCell.swift in Sources */ = {isa = PBXBuildFile; fileRef = F503888B1D73710E0059BB38 /* FileDownloadLogsPaymentTableViewCell.swift */; };
		F503888E1D73711F0059BB38 /* FileDownloadLogsCustomerTableViewCell.swift in Sources */ = {isa = PBXBuildFile; fileRef = F503888D1D73711F0059BB38 /* FileDownloadLogsCustomerTableViewCell.swift */; };
		F50388901D7371450059BB38 /* FileDownloadLogsProductTableViewCell.swift in Sources */ = {isa = PBXBuildFile; fileRef = F503888F1D7371450059BB38 /* FileDownloadLogsProductTableViewCell.swift */; };
		F50388931D74940A0059BB38 /* SearchViewController.swift in Sources */ = {isa = PBXBuildFile; fileRef = F50388921D74940A0059BB38 /* SearchViewController.swift */; };
		F50388951D74A75B0059BB38 /* CustomersTableViewCell.swift in Sources */ = {isa = PBXBuildFile; fileRef = F50388941D74A75B0059BB38 /* CustomersTableViewCell.swift */; };
		F50DEB4F1CFA4A37001A6A51 /* SalesViewController.swift in Sources */ = {isa = PBXBuildFile; fileRef = F50DEB4E1CFA4A37001A6A51 /* SalesViewController.swift */; };
		F50DEB521CFA4EFC001A6A51 /* CustomersViewController.swift in Sources */ = {isa = PBXBuildFile; fileRef = F50DEB511CFA4EFC001A6A51 /* CustomersViewController.swift */; };
		F50DEB551CFAD228001A6A51 /* HighlightButton.swift in Sources */ = {isa = PBXBuildFile; fileRef = F50DEB541CFAD228001A6A51 /* HighlightButton.swift */; };
		F512E4081D9179080086AD68 /* CustomersDetailViewController.swift in Sources */ = {isa = PBXBuildFile; fileRef = F512E4071D9179080086AD68 /* CustomersDetailViewController.swift */; };
		F512E40A1D917C480086AD68 /* CustomerProfileTableViewCell.swift in Sources */ = {isa = PBXBuildFile; fileRef = F512E4091D917C480086AD68 /* CustomerProfileTableViewCell.swift */; };
		F512E40C1D91847C0086AD68 /* Gravatar.swift in Sources */ = {isa = PBXBuildFile; fileRef = F512E40B1D91847C0086AD68 /* Gravatar.swift */; };
		F512E40E1D9186FC0086AD68 /* Security.framework in Frameworks */ = {isa = PBXBuildFile; fileRef = F512E40D1D9186FC0086AD68 /* Security.framework */; };
		F512E4101D918FB90086AD68 /* CustomerStatsTableViewCell.swift in Sources */ = {isa = PBXBuildFile; fileRef = F512E40F1D918FB90086AD68 /* CustomerStatsTableViewCell.swift */; };
		F512E4121D9200BA0086AD68 /* CustomerDetailHeadingTableViewCell.swift in Sources */ = {isa = PBXBuildFile; fileRef = F512E4111D9200BA0086AD68 /* CustomerDetailHeadingTableViewCell.swift */; };
		F512E4141D920CA30086AD68 /* CustomerRecentSaleTableViewCell.swift in Sources */ = {isa = PBXBuildFile; fileRef = F512E4131D920CA30086AD68 /* CustomerRecentSaleTableViewCell.swift */; };
		F512E4161D9407FB0086AD68 /* SalesDetailPaymentTableViewCell.swift in Sources */ = {isa = PBXBuildFile; fileRef = F512E4151D9407FB0086AD68 /* SalesDetailPaymentTableViewCell.swift */; };
		F51A905E1D947E10003E06C2 /* SalesDetailProductTableViewCell.swift in Sources */ = {isa = PBXBuildFile; fileRef = F51A905D1D947E10003E06C2 /* SalesDetailProductTableViewCell.swift */; };
		F51A90601D947E18003E06C2 /* SalesDetailMetaTableViewCell.swift in Sources */ = {isa = PBXBuildFile; fileRef = F51A905F1D947E18003E06C2 /* SalesDetailMetaTableViewCell.swift */; };
		F51A90621D947E33003E06C2 /* SalesDetailCustomerTableViewCell.swift in Sources */ = {isa = PBXBuildFile; fileRef = F51A90611D947E33003E06C2 /* SalesDetailCustomerTableViewCell.swift */; };
		F51A90641D9498D5003E06C2 /* SubscriptionsTableViewCell.swift in Sources */ = {isa = PBXBuildFile; fileRef = F51A90631D9498D5003E06C2 /* SubscriptionsTableViewCell.swift */; };
		F51A90671D951F20003E06C2 /* SearchBar.swift in Sources */ = {isa = PBXBuildFile; fileRef = F51A90661D951F20003E06C2 /* SearchBar.swift */; };
		F51A90691D951FE9003E06C2 /* SearchController.swift in Sources */ = {isa = PBXBuildFile; fileRef = F51A90681D951FE9003E06C2 /* SearchController.swift */; };
		F51A906B1D955AA2003E06C2 /* SearchTableViewCell.swift in Sources */ = {isa = PBXBuildFile; fileRef = F51A906A1D955AA2003E06C2 /* SearchTableViewCell.swift */; };
		F51A906D1D95DB4D003E06C2 /* ProductsDetailViewController.swift in Sources */ = {isa = PBXBuildFile; fileRef = F51A906C1D95DB4D003E06C2 /* ProductsDetailViewController.swift */; };
		F51F22481D3B7C0000D114E8 /* SwitchSiteViewController.swift in Sources */ = {isa = PBXBuildFile; fileRef = F51F22471D3B7C0000D114E8 /* SwitchSiteViewController.swift */; };
		F51F224A1D3B948600D114E8 /* GraphData.swift in Sources */ = {isa = PBXBuildFile; fileRef = F51F22491D3B948600D114E8 /* GraphData.swift */; };
		F523F2221D6650DB000AB028 /* MoreViewController.swift in Sources */ = {isa = PBXBuildFile; fileRef = F523F2211D6650DB000AB028 /* MoreViewController.swift */; };
		F52825211CFDCF2E00AB62D9 /* NSManagedObject+Extensions.swift in Sources */ = {isa = PBXBuildFile; fileRef = F52825201CFDCF2E00AB62D9 /* NSManagedObject+Extensions.swift */; };
		F52825231CFE1F9600AB62D9 /* EDDAPIWrapper.swift in Sources */ = {isa = PBXBuildFile; fileRef = F52825221CFE1F9600AB62D9 /* EDDAPIWrapper.swift */; };
		F52825251CFE41B000AB62D9 /* Dictionary+Helpers.swift in Sources */ = {isa = PBXBuildFile; fileRef = F52825241CFE41B000AB62D9 /* Dictionary+Helpers.swift */; };
		F540EF8F1D6F8EF90012B453 /* FileDownloadLog.swift in Sources */ = {isa = PBXBuildFile; fileRef = F540EF8E1D6F8EF90012B453 /* FileDownloadLog.swift */; };
		F54724FA1D3C3ABC009D5E8D /* Commission.swift in Sources */ = {isa = PBXBuildFile; fileRef = F54724F91D3C3ABC009D5E8D /* Commission.swift */; };
		F54724FC1D3C3AD1009D5E8D /* Customer.swift in Sources */ = {isa = PBXBuildFile; fileRef = F54724FB1D3C3AD1009D5E8D /* Customer.swift */; };
		F54724FE1D3C3AD6009D5E8D /* Discount.swift in Sources */ = {isa = PBXBuildFile; fileRef = F54724FD1D3C3AD6009D5E8D /* Discount.swift */; };
		F54725001D3C3ADC009D5E8D /* Product.swift in Sources */ = {isa = PBXBuildFile; fileRef = F54724FF1D3C3ADC009D5E8D /* Product.swift */; };
		F54725021D3C3AE2009D5E8D /* Sale.swift in Sources */ = {isa = PBXBuildFile; fileRef = F54725011D3C3AE2009D5E8D /* Sale.swift */; };
		F54725041D3C3AEA009D5E8D /* Subscription.swift in Sources */ = {isa = PBXBuildFile; fileRef = F54725031D3C3AEA009D5E8D /* Subscription.swift */; };
		F55C60E51CF5155A00A6D812 /* LoginSubmitButton.swift in Sources */ = {isa = PBXBuildFile; fileRef = F55C60E41CF5155A00A6D812 /* LoginSubmitButton.swift */; };
		F56490781D4635B100F4F1F0 /* FetchedResultsController.swift in Sources */ = {isa = PBXBuildFile; fileRef = F56490771D4635B100F4F1F0 /* FetchedResultsController.swift */; };
		F56546E01D78859600003019 /* ProductsViewController.swift in Sources */ = {isa = PBXBuildFile; fileRef = F56546DF1D78859600003019 /* ProductsViewController.swift */; };
		F56546E21D78AAAC00003019 /* ProductsTableViewCell.swift in Sources */ = {isa = PBXBuildFile; fileRef = F56546E11D78AAAC00003019 /* ProductsTableViewCell.swift */; };
		F56B88E71CFADD5700DCF41F /* Site.swift in Sources */ = {isa = PBXBuildFile; fileRef = F56B88E51CFADD5700DCF41F /* Site.swift */; };
		F56B88E91CFB027000DCF41F /* DashboardTableViewCell.swift in Sources */ = {isa = PBXBuildFile; fileRef = F56B88E81CFB027000DCF41F /* DashboardTableViewCell.swift */; };
		F577F9B81D833CAA006A3FD9 /* Constants.swift in Sources */ = {isa = PBXBuildFile; fileRef = F577F9B71D833CAA006A3FD9 /* Constants.swift */; };
		F583238F1D7F0D17005153EA /* SalesDetailViewController.swift in Sources */ = {isa = PBXBuildFile; fileRef = F583238E1D7F0D17005153EA /* SalesDetailViewController.swift */; };
		F5890D161D0FF2C1004F2B37 /* Stats.swift in Sources */ = {isa = PBXBuildFile; fileRef = F5890D151D0FF2C1004F2B37 /* Stats.swift */; };
		F5A312891CF1DAE1000F4F6F /* AppDelegate.swift in Sources */ = {isa = PBXBuildFile; fileRef = F5A312881CF1DAE1000F4F6F /* AppDelegate.swift */; };
		F5A312901CF1DAE1000F4F6F /* Assets.xcassets in Resources */ = {isa = PBXBuildFile; fileRef = F5A3128F1CF1DAE1000F4F6F /* Assets.xcassets */; };
		F5A312931CF1DAE1000F4F6F /* LaunchScreen.storyboard in Resources */ = {isa = PBXBuildFile; fileRef = F5A312911CF1DAE1000F4F6F /* LaunchScreen.storyboard */; };
		F5A53E3D1D95E92100483797 /* ProductsDetailHeadingTableViewCell.swift in Sources */ = {isa = PBXBuildFile; fileRef = F5A53E3C1D95E92100483797 /* ProductsDetailHeadingTableViewCell.swift */; };
		F5AE176F1D703639003C7AF7 /* SubscriptionsViewController.swift in Sources */ = {isa = PBXBuildFile; fileRef = F5AE176E1D703639003C7AF7 /* SubscriptionsViewController.swift */; };
		F5B0611F1D69F43700F9B4E1 /* JSON+Null.swift in Sources */ = {isa = PBXBuildFile; fileRef = F5B0611E1D69F43700F9B4E1 /* JSON+Null.swift */; };
		F5B061211D6A206000F9B4E1 /* KeyCodable.swift in Sources */ = {isa = PBXBuildFile; fileRef = F5B061201D6A206000F9B4E1 /* KeyCodable.swift */; };
		F5B061231D6A38BD00F9B4E1 /* AugmentedDataProviderDelegate.swift in Sources */ = {isa = PBXBuildFile; fileRef = F5B061221D6A38BD00F9B4E1 /* AugmentedDataProviderDelegate.swift */; };
		F5B061251D6A392C00F9B4E1 /* SalesTableViewCell.swift in Sources */ = {isa = PBXBuildFile; fileRef = F5B061241D6A392C00F9B4E1 /* SalesTableViewCell.swift */; };
		F5B0612E1D6B015000F9B4E1 /* NotificationCenter.framework in Frameworks */ = {isa = PBXBuildFile; fileRef = F5B0612D1D6B015000F9B4E1 /* NotificationCenter.framework */; };
		F5B061311D6B015000F9B4E1 /* TodayViewController.swift in Sources */ = {isa = PBXBuildFile; fileRef = F5B061301D6B015000F9B4E1 /* TodayViewController.swift */; };
		F5B061381D6B015000F9B4E1 /* EDDToday.appex in Embed App Extensions */ = {isa = PBXBuildFile; fileRef = F5B0612C1D6B014F00F9B4E1 /* EDDToday.appex */; settings = {ATTRIBUTES = (RemoveHeadersOnCopy, ); }; };
		F5B982AD1D6BA0D500679271 /* SiteInformationViewController.swift in Sources */ = {isa = PBXBuildFile; fileRef = F5B982AC1D6BA0D500679271 /* SiteInformationViewController.swift */; };
		F5B982AF1D6BA19300679271 /* FileDownloadLogsController.swift in Sources */ = {isa = PBXBuildFile; fileRef = F5B982AE1D6BA19300679271 /* FileDownloadLogsController.swift */; };
		F5B982B11D6BA1C800679271 /* ReviewsViewController.swift in Sources */ = {isa = PBXBuildFile; fileRef = F5B982B01D6BA1C800679271 /* ReviewsViewController.swift */; };
		F5B982B31D6BA1D500679271 /* ReviewsDetailViewController.swift in Sources */ = {isa = PBXBuildFile; fileRef = F5B982B21D6BA1D500679271 /* ReviewsDetailViewController.swift */; };
		F5B982B51D6BA1DF00679271 /* FileDownloadLogsDetailViewController.swift in Sources */ = {isa = PBXBuildFile; fileRef = F5B982B41D6BA1DF00679271 /* FileDownloadLogsDetailViewController.swift */; };
		F5B982B71D6BA21800679271 /* NewSiteViewController.swift in Sources */ = {isa = PBXBuildFile; fileRef = F5B982B61D6BA21800679271 /* NewSiteViewController.swift */; };
		F5E4887B1D97086A00C7A2A8 /* DiscountsViewController.swift in Sources */ = {isa = PBXBuildFile; fileRef = F5E4887A1D97086A00C7A2A8 /* DiscountsViewController.swift */; };
		F5E4887D1D973E0B00C7A2A8 /* Array+Unique.swift in Sources */ = {isa = PBXBuildFile; fileRef = F5E4887C1D973E0B00C7A2A8 /* Array+Unique.swift */; };
		F5E4887F1D9753FE00C7A2A8 /* SalesDetailHeadingTableViewCell.swift in Sources */ = {isa = PBXBuildFile; fileRef = F5E4887E1D9753FE00C7A2A8 /* SalesDetailHeadingTableViewCell.swift */; };
		F5E7827E1D8EEB5C00D29268 /* SiteInformationTableViewCell.swift in Sources */ = {isa = PBXBuildFile; fileRef = F5E7827D1D8EEB5C00D29268 /* SiteInformationTableViewCell.swift */; };
		F5E782801D8F381200D29268 /* ManageSitesTableViewController.swift in Sources */ = {isa = PBXBuildFile; fileRef = F5E7827F1D8F381200D29268 /* ManageSitesTableViewController.swift */; };
		F5EAAFEE1D87F070004E74EF /* ManageSitesViewController.swift in Sources */ = {isa = PBXBuildFile; fileRef = F5EAAFED1D87F070004E74EF /* ManageSitesViewController.swift */; };
		F5EBDDB71D2A889C00DD57D9 /* EditDashboardLayoutViewController.swift in Sources */ = {isa = PBXBuildFile; fileRef = F5EBDDB61D2A889C00DD57D9 /* EditDashboardLayoutViewController.swift */; };
		F5EF5E8A1CF26E4700298841 /* DashboardViewController.swift in Sources */ = {isa = PBXBuildFile; fileRef = F5EF5E891CF26E4700298841 /* DashboardViewController.swift */; };
		F5EF5E8D1CF2EDBA00298841 /* LoginViewController.swift in Sources */ = {isa = PBXBuildFile; fileRef = F5EF5E8C1CF2EDBA00298841 /* LoginViewController.swift */; };
		F5EF5E8F1CF2EE0800298841 /* SiteTabBarController.swift in Sources */ = {isa = PBXBuildFile; fileRef = F5EF5E8E1CF2EE0800298841 /* SiteTabBarController.swift */; };
		F5EF5E9C1CF2FD9E00298841 /* EDD.xcdatamodeld in Sources */ = {isa = PBXBuildFile; fileRef = F5EF5E9A1CF2FD9E00298841 /* EDD.xcdatamodeld */; };
		F5EF5E9E1CF314FA00298841 /* Branding.swift in Sources */ = {isa = PBXBuildFile; fileRef = F5EF5E9D1CF314FA00298841 /* Branding.swift */; };
		F5FAF3BF1CFB077500F9F1FF /* SiteTableViewController.swift in Sources */ = {isa = PBXBuildFile; fileRef = F5FAF3BE1CFB077500F9F1FF /* SiteTableViewController.swift */; };
		F5FAF3C11CFB5E0800F9F1FF /* ManagedObject.swift in Sources */ = {isa = PBXBuildFile; fileRef = F5FAF3C01CFB5E0800F9F1FF /* ManagedObject.swift */; };
		F5FAF3C31CFB5FCC00F9F1FF /* NSURL+Utilities.swift in Sources */ = {isa = PBXBuildFile; fileRef = F5FAF3C21CFB5FCC00F9F1FF /* NSURL+Utilities.swift */; };
		F5FAF3C51CFB619800F9F1FF /* Stack.swift in Sources */ = {isa = PBXBuildFile; fileRef = F5FAF3C41CFB619800F9F1FF /* Stack.swift */; };
		F5FAF3C81CFB628A00F9F1FF /* ManagedObjectContextSettable.swift in Sources */ = {isa = PBXBuildFile; fileRef = F5FAF3C71CFB628A00F9F1FF /* ManagedObjectContextSettable.swift */; };
		F5FAF3CA1CFB64C800F9F1FF /* ManagedObjectType.swift in Sources */ = {isa = PBXBuildFile; fileRef = F5FAF3C91CFB64C800F9F1FF /* ManagedObjectType.swift */; };
		F5FAF3CD1CFBA18100F9F1FF /* FetchedResultsDataProvider.swift in Sources */ = {isa = PBXBuildFile; fileRef = F5FAF3CC1CFBA18100F9F1FF /* FetchedResultsDataProvider.swift */; };
		F5FAF3CF1CFBA1B800F9F1FF /* DataProvider.swift in Sources */ = {isa = PBXBuildFile; fileRef = F5FAF3CE1CFBA1B800F9F1FF /* DataProvider.swift */; };
		F5FAF3D31CFBA30800F9F1FF /* TableViewDataSource.swift in Sources */ = {isa = PBXBuildFile; fileRef = F5FAF3D21CFBA30800F9F1FF /* TableViewDataSource.swift */; };
		F5FAF3D51CFBA32A00F9F1FF /* ConfigurableCell.swift in Sources */ = {isa = PBXBuildFile; fileRef = F5FAF3D41CFBA32A00F9F1FF /* ConfigurableCell.swift */; };
		F5FAF3D71CFBA6EF00F9F1FF /* DataSource.swift in Sources */ = {isa = PBXBuildFile; fileRef = F5FAF3D61CFBA6EF00F9F1FF /* DataSource.swift */; };
		F5FAF3D91CFC1FED00F9F1FF /* NSManagedObjectContext+Helpers.swift in Sources */ = {isa = PBXBuildFile; fileRef = F5FAF3D81CFC1FED00F9F1FF /* NSManagedObjectContext+Helpers.swift */; };
		F5FAF3DB1CFDB9DD00F9F1FF /* ManagedObjectObserver.swift in Sources */ = {isa = PBXBuildFile; fileRef = F5FAF3DA1CFDB9DD00F9F1FF /* ManagedObjectObserver.swift */; };
		F5FAF3DD1CFDBAA900F9F1FF /* NSManagedObjectContext+Observers.swift in Sources */ = {isa = PBXBuildFile; fileRef = F5FAF3DC1CFDBAA900F9F1FF /* NSManagedObjectContext+Observers.swift */; };
		F5FAF3DF1CFDBB2300F9F1FF /* SequenceType+Utilities.swift in Sources */ = {isa = PBXBuildFile; fileRef = F5FAF3DE1CFDBB2300F9F1FF /* SequenceType+Utilities.swift */; };
/* End PBXBuildFile section */

/* Begin PBXContainerItemProxy section */
		F5B061361D6B015000F9B4E1 /* PBXContainerItemProxy */ = {
			isa = PBXContainerItemProxy;
			containerPortal = F5A3127D1CF1DAE1000F4F6F /* Project object */;
			proxyType = 1;
			remoteGlobalIDString = F5B0612B1D6B014F00F9B4E1;
			remoteInfo = EDDToday;
		};
/* End PBXContainerItemProxy section */

/* Begin PBXCopyFilesBuildPhase section */
		F5B0613C1D6B015000F9B4E1 /* Embed App Extensions */ = {
			isa = PBXCopyFilesBuildPhase;
			buildActionMask = 2147483647;
			dstPath = "";
			dstSubfolderSpec = 13;
			files = (
				F5B061381D6B015000F9B4E1 /* EDDToday.appex in Embed App Extensions */,
			);
			name = "Embed App Extensions";
			runOnlyForDeploymentPostprocessing = 0;
		};
/* End PBXCopyFilesBuildPhase section */

/* Begin PBXFileReference section */
		0417CD63DA9A5FA7967B36FF /* Pods-EDD-Easy Digital Downloads.release.xcconfig */ = {isa = PBXFileReference; includeInIndex = 1; lastKnownFileType = text.xcconfig; name = "Pods-EDD-Easy Digital Downloads.release.xcconfig"; path = "Pods/Target Support Files/Pods-EDD-Easy Digital Downloads/Pods-EDD-Easy Digital Downloads.release.xcconfig"; sourceTree = "<group>"; };
		4245509389ED9AAD9E3A653B /* Pods-EDD-Easy Digital Downloads.debug.xcconfig */ = {isa = PBXFileReference; includeInIndex = 1; lastKnownFileType = text.xcconfig; name = "Pods-EDD-Easy Digital Downloads.debug.xcconfig"; path = "Pods/Target Support Files/Pods-EDD-Easy Digital Downloads/Pods-EDD-Easy Digital Downloads.debug.xcconfig"; sourceTree = "<group>"; };
		5882D613D54F927F6699E1E9 /* Pods-Easy Digital Downloads.release.xcconfig */ = {isa = PBXFileReference; includeInIndex = 1; lastKnownFileType = text.xcconfig; name = "Pods-Easy Digital Downloads.release.xcconfig"; path = "Pods/Target Support Files/Pods-Easy Digital Downloads/Pods-Easy Digital Downloads.release.xcconfig"; sourceTree = "<group>"; };
		619A29A076A169C9D993D7AC /* Pods_Easy_Digital_Downloads.framework */ = {isa = PBXFileReference; explicitFileType = wrapper.framework; includeInIndex = 0; path = Pods_Easy_Digital_Downloads.framework; sourceTree = BUILT_PRODUCTS_DIR; };
		82B99EF72DAA8AE69B865C56 /* Pods-Easy Digital Downloads.debug.xcconfig */ = {isa = PBXFileReference; includeInIndex = 1; lastKnownFileType = text.xcconfig; name = "Pods-Easy Digital Downloads.debug.xcconfig"; path = "Pods/Target Support Files/Pods-Easy Digital Downloads/Pods-Easy Digital Downloads.debug.xcconfig"; sourceTree = "<group>"; };
		8F20B0B77A3F7F17B151F7B1 /* Pods_EDD_EDDToday.framework */ = {isa = PBXFileReference; explicitFileType = wrapper.framework; includeInIndex = 0; path = Pods_EDD_EDDToday.framework; sourceTree = BUILT_PRODUCTS_DIR; };
		91B1CBEF62024057411CFCDD /* Pods_EDD_Easy_Digital_Downloads.framework */ = {isa = PBXFileReference; explicitFileType = wrapper.framework; includeInIndex = 0; path = Pods_EDD_Easy_Digital_Downloads.framework; sourceTree = BUILT_PRODUCTS_DIR; };
		B1CD92666F5B5787429402AB /* Pods-EDD-EDDToday.debug.xcconfig */ = {isa = PBXFileReference; includeInIndex = 1; lastKnownFileType = text.xcconfig; name = "Pods-EDD-EDDToday.debug.xcconfig"; path = "Pods/Target Support Files/Pods-EDD-EDDToday/Pods-EDD-EDDToday.debug.xcconfig"; sourceTree = "<group>"; };
		D3DD97B0F116D34940763117 /* Pods-EDD-EDDToday.release.xcconfig */ = {isa = PBXFileReference; includeInIndex = 1; lastKnownFileType = text.xcconfig; name = "Pods-EDD-EDDToday.release.xcconfig"; path = "Pods/Target Support Files/Pods-EDD-EDDToday/Pods-EDD-EDDToday.release.xcconfig"; sourceTree = "<group>"; };
		F502B0021CF435790089EEE1 /* LoginTextField.swift */ = {isa = PBXFileReference; fileEncoding = 4; lastKnownFileType = sourcecode.swift; path = LoginTextField.swift; sourceTree = "<group>"; };
		F50388851D73393C0059BB38 /* FileDownloadLogsTableViewCell.swift */ = {isa = PBXFileReference; fileEncoding = 4; lastKnownFileType = sourcecode.swift; path = FileDownloadLogsTableViewCell.swift; sourceTree = "<group>"; };
		F50388871D735B030059BB38 /* InfiniteScrollingTableView.swift */ = {isa = PBXFileReference; fileEncoding = 4; lastKnownFileType = sourcecode.swift; path = InfiniteScrollingTableView.swift; sourceTree = "<group>"; };
		F50388891D7368DA0059BB38 /* FileDownloadLogsMetaTableViewCell.swift */ = {isa = PBXFileReference; fileEncoding = 4; lastKnownFileType = sourcecode.swift; path = FileDownloadLogsMetaTableViewCell.swift; sourceTree = "<group>"; };
		F503888B1D73710E0059BB38 /* FileDownloadLogsPaymentTableViewCell.swift */ = {isa = PBXFileReference; fileEncoding = 4; lastKnownFileType = sourcecode.swift; path = FileDownloadLogsPaymentTableViewCell.swift; sourceTree = "<group>"; };
		F503888D1D73711F0059BB38 /* FileDownloadLogsCustomerTableViewCell.swift */ = {isa = PBXFileReference; fileEncoding = 4; lastKnownFileType = sourcecode.swift; path = FileDownloadLogsCustomerTableViewCell.swift; sourceTree = "<group>"; };
		F503888F1D7371450059BB38 /* FileDownloadLogsProductTableViewCell.swift */ = {isa = PBXFileReference; fileEncoding = 4; lastKnownFileType = sourcecode.swift; path = FileDownloadLogsProductTableViewCell.swift; sourceTree = "<group>"; };
		F50388921D74940A0059BB38 /* SearchViewController.swift */ = {isa = PBXFileReference; fileEncoding = 4; lastKnownFileType = sourcecode.swift; path = SearchViewController.swift; sourceTree = "<group>"; };
		F50388941D74A75B0059BB38 /* CustomersTableViewCell.swift */ = {isa = PBXFileReference; fileEncoding = 4; lastKnownFileType = sourcecode.swift; path = CustomersTableViewCell.swift; sourceTree = "<group>"; };
		F50DEB381CF9F775001A6A51 /* Gridicons.framework */ = {isa = PBXFileReference; lastKnownFileType = wrapper.framework; name = Gridicons.framework; path = "../../Library/Developer/Xcode/DerivedData/Easy_Digital_Downloads-gcyabyxxojsfobctwmcnytlvnhie/Build/Products/Debug-iphonesimulator/Gridicons/Gridicons.framework"; sourceTree = "<group>"; };
		F50DEB391CF9F775001A6A51 /* MCDateExtensions.framework */ = {isa = PBXFileReference; lastKnownFileType = wrapper.framework; name = MCDateExtensions.framework; path = "Pods/../build/Debug-iphoneos/MCDateExtensions/MCDateExtensions.framework"; sourceTree = "<group>"; };
		F50DEB3A1CF9F775001A6A51 /* MZAppearance.framework */ = {isa = PBXFileReference; lastKnownFileType = wrapper.framework; name = MZAppearance.framework; path = "Pods/../build/Debug-iphoneos/MZAppearance/MZAppearance.framework"; sourceTree = "<group>"; };
		F50DEB3B1CF9F775001A6A51 /* MZFormSheetPresentationController.framework */ = {isa = PBXFileReference; lastKnownFileType = wrapper.framework; name = MZFormSheetPresentationController.framework; path = "Pods/../build/Debug-iphoneos/MZFormSheetPresentationController/MZFormSheetPresentationController.framework"; sourceTree = "<group>"; };
		F50DEB3C1CF9F775001A6A51 /* OnePasswordExtension.framework */ = {isa = PBXFileReference; lastKnownFileType = wrapper.framework; name = OnePasswordExtension.framework; path = "Pods/../build/Debug-iphoneos/1PasswordExtension/OnePasswordExtension.framework"; sourceTree = "<group>"; };
		F50DEB3D1CF9F775001A6A51 /* Realm.framework */ = {isa = PBXFileReference; lastKnownFileType = wrapper.framework; name = Realm.framework; path = "Pods/../build/Debug-iphoneos/Realm/Realm.framework"; sourceTree = "<group>"; };
		F50DEB3E1CF9F775001A6A51 /* RealmSwift.framework */ = {isa = PBXFileReference; lastKnownFileType = wrapper.framework; name = RealmSwift.framework; path = "Pods/../build/Debug-iphoneos/RealmSwift/RealmSwift.framework"; sourceTree = "<group>"; };
		F50DEB3F1CF9F775001A6A51 /* SSKeychain.framework */ = {isa = PBXFileReference; lastKnownFileType = wrapper.framework; name = SSKeychain.framework; path = "Pods/../build/Debug-iphoneos/SSKeychain/SSKeychain.framework"; sourceTree = "<group>"; };
		F50DEB401CF9F775001A6A51 /* SVProgressHUD.framework */ = {isa = PBXFileReference; lastKnownFileType = wrapper.framework; name = SVProgressHUD.framework; path = "Pods/../build/Debug-iphoneos/SVProgressHUD/SVProgressHUD.framework"; sourceTree = "<group>"; };
		F50DEB411CF9F775001A6A51 /* SwiftyJSON.framework */ = {isa = PBXFileReference; lastKnownFileType = wrapper.framework; name = SwiftyJSON.framework; path = "../../Library/Developer/Xcode/DerivedData/Easy_Digital_Downloads-gcyabyxxojsfobctwmcnytlvnhie/Build/Products/Debug-iphonesimulator/SwiftyJSON/SwiftyJSON.framework"; sourceTree = "<group>"; };
		F50DEB421CF9F775001A6A51 /* TTTAttributedLabel.framework */ = {isa = PBXFileReference; lastKnownFileType = wrapper.framework; name = TTTAttributedLabel.framework; path = "Pods/../build/Debug-iphoneos/TTTAttributedLabel/TTTAttributedLabel.framework"; sourceTree = "<group>"; };
		F50DEB4E1CFA4A37001A6A51 /* SalesViewController.swift */ = {isa = PBXFileReference; fileEncoding = 4; lastKnownFileType = sourcecode.swift; path = SalesViewController.swift; sourceTree = "<group>"; };
		F50DEB511CFA4EFC001A6A51 /* CustomersViewController.swift */ = {isa = PBXFileReference; fileEncoding = 4; lastKnownFileType = sourcecode.swift; path = CustomersViewController.swift; sourceTree = "<group>"; };
		F50DEB541CFAD228001A6A51 /* HighlightButton.swift */ = {isa = PBXFileReference; fileEncoding = 4; lastKnownFileType = sourcecode.swift; path = HighlightButton.swift; sourceTree = "<group>"; };
		F512E4071D9179080086AD68 /* CustomersDetailViewController.swift */ = {isa = PBXFileReference; fileEncoding = 4; lastKnownFileType = sourcecode.swift; path = CustomersDetailViewController.swift; sourceTree = "<group>"; };
		F512E4091D917C480086AD68 /* CustomerProfileTableViewCell.swift */ = {isa = PBXFileReference; fileEncoding = 4; lastKnownFileType = sourcecode.swift; path = CustomerProfileTableViewCell.swift; sourceTree = "<group>"; };
		F512E40B1D91847C0086AD68 /* Gravatar.swift */ = {isa = PBXFileReference; fileEncoding = 4; lastKnownFileType = sourcecode.swift; path = Gravatar.swift; sourceTree = "<group>"; };
		F512E40D1D9186FC0086AD68 /* Security.framework */ = {isa = PBXFileReference; lastKnownFileType = wrapper.framework; name = Security.framework; path = System/Library/Frameworks/Security.framework; sourceTree = SDKROOT; };
		F512E40F1D918FB90086AD68 /* CustomerStatsTableViewCell.swift */ = {isa = PBXFileReference; fileEncoding = 4; lastKnownFileType = sourcecode.swift; path = CustomerStatsTableViewCell.swift; sourceTree = "<group>"; };
		F512E4111D9200BA0086AD68 /* CustomerDetailHeadingTableViewCell.swift */ = {isa = PBXFileReference; fileEncoding = 4; lastKnownFileType = sourcecode.swift; path = CustomerDetailHeadingTableViewCell.swift; sourceTree = "<group>"; };
		F512E4131D920CA30086AD68 /* CustomerRecentSaleTableViewCell.swift */ = {isa = PBXFileReference; fileEncoding = 4; lastKnownFileType = sourcecode.swift; path = CustomerRecentSaleTableViewCell.swift; sourceTree = "<group>"; };
		F512E4151D9407FB0086AD68 /* SalesDetailPaymentTableViewCell.swift */ = {isa = PBXFileReference; fileEncoding = 4; lastKnownFileType = sourcecode.swift; path = SalesDetailPaymentTableViewCell.swift; sourceTree = "<group>"; };
		F51A905D1D947E10003E06C2 /* SalesDetailProductTableViewCell.swift */ = {isa = PBXFileReference; fileEncoding = 4; lastKnownFileType = sourcecode.swift; path = SalesDetailProductTableViewCell.swift; sourceTree = "<group>"; };
		F51A905F1D947E18003E06C2 /* SalesDetailMetaTableViewCell.swift */ = {isa = PBXFileReference; fileEncoding = 4; lastKnownFileType = sourcecode.swift; path = SalesDetailMetaTableViewCell.swift; sourceTree = "<group>"; };
		F51A90611D947E33003E06C2 /* SalesDetailCustomerTableViewCell.swift */ = {isa = PBXFileReference; fileEncoding = 4; lastKnownFileType = sourcecode.swift; path = SalesDetailCustomerTableViewCell.swift; sourceTree = "<group>"; };
		F51A90631D9498D5003E06C2 /* SubscriptionsTableViewCell.swift */ = {isa = PBXFileReference; fileEncoding = 4; lastKnownFileType = sourcecode.swift; path = SubscriptionsTableViewCell.swift; sourceTree = "<group>"; };
		F51A90661D951F20003E06C2 /* SearchBar.swift */ = {isa = PBXFileReference; fileEncoding = 4; lastKnownFileType = sourcecode.swift; path = SearchBar.swift; sourceTree = "<group>"; };
		F51A90681D951FE9003E06C2 /* SearchController.swift */ = {isa = PBXFileReference; fileEncoding = 4; lastKnownFileType = sourcecode.swift; path = SearchController.swift; sourceTree = "<group>"; };
		F51A906A1D955AA2003E06C2 /* SearchTableViewCell.swift */ = {isa = PBXFileReference; fileEncoding = 4; lastKnownFileType = sourcecode.swift; path = SearchTableViewCell.swift; sourceTree = "<group>"; };
		F51A906C1D95DB4D003E06C2 /* ProductsDetailViewController.swift */ = {isa = PBXFileReference; fileEncoding = 4; lastKnownFileType = sourcecode.swift; path = ProductsDetailViewController.swift; sourceTree = "<group>"; };
		F51F22471D3B7C0000D114E8 /* SwitchSiteViewController.swift */ = {isa = PBXFileReference; fileEncoding = 4; lastKnownFileType = sourcecode.swift; path = SwitchSiteViewController.swift; sourceTree = "<group>"; };
		F51F22491D3B948600D114E8 /* GraphData.swift */ = {isa = PBXFileReference; fileEncoding = 4; lastKnownFileType = sourcecode.swift; path = GraphData.swift; sourceTree = "<group>"; };
		F523F2211D6650DB000AB028 /* MoreViewController.swift */ = {isa = PBXFileReference; fileEncoding = 4; lastKnownFileType = sourcecode.swift; path = MoreViewController.swift; sourceTree = "<group>"; };
		F52825201CFDCF2E00AB62D9 /* NSManagedObject+Extensions.swift */ = {isa = PBXFileReference; fileEncoding = 4; lastKnownFileType = sourcecode.swift; path = "NSManagedObject+Extensions.swift"; sourceTree = "<group>"; };
		F52825221CFE1F9600AB62D9 /* EDDAPIWrapper.swift */ = {isa = PBXFileReference; fileEncoding = 4; lastKnownFileType = sourcecode.swift; path = EDDAPIWrapper.swift; sourceTree = "<group>"; };
		F52825241CFE41B000AB62D9 /* Dictionary+Helpers.swift */ = {isa = PBXFileReference; fileEncoding = 4; lastKnownFileType = sourcecode.swift; path = "Dictionary+Helpers.swift"; sourceTree = "<group>"; };
		F540EF8E1D6F8EF90012B453 /* FileDownloadLog.swift */ = {isa = PBXFileReference; fileEncoding = 4; lastKnownFileType = sourcecode.swift; path = FileDownloadLog.swift; sourceTree = "<group>"; };
		F54724F91D3C3ABC009D5E8D /* Commission.swift */ = {isa = PBXFileReference; fileEncoding = 4; lastKnownFileType = sourcecode.swift; path = Commission.swift; sourceTree = "<group>"; };
		F54724FB1D3C3AD1009D5E8D /* Customer.swift */ = {isa = PBXFileReference; fileEncoding = 4; lastKnownFileType = sourcecode.swift; path = Customer.swift; sourceTree = "<group>"; };
		F54724FD1D3C3AD6009D5E8D /* Discount.swift */ = {isa = PBXFileReference; fileEncoding = 4; lastKnownFileType = sourcecode.swift; path = Discount.swift; sourceTree = "<group>"; };
		F54724FF1D3C3ADC009D5E8D /* Product.swift */ = {isa = PBXFileReference; fileEncoding = 4; lastKnownFileType = sourcecode.swift; path = Product.swift; sourceTree = "<group>"; };
		F54725011D3C3AE2009D5E8D /* Sale.swift */ = {isa = PBXFileReference; fileEncoding = 4; lastKnownFileType = sourcecode.swift; path = Sale.swift; sourceTree = "<group>"; };
		F54725031D3C3AEA009D5E8D /* Subscription.swift */ = {isa = PBXFileReference; fileEncoding = 4; lastKnownFileType = sourcecode.swift; path = Subscription.swift; sourceTree = "<group>"; };
		F555ED911D65EBA300C02C0B /* Easy Digital Downloads.entitlements */ = {isa = PBXFileReference; lastKnownFileType = text.xml; path = "Easy Digital Downloads.entitlements"; sourceTree = "<group>"; };
		F55C60E41CF5155A00A6D812 /* LoginSubmitButton.swift */ = {isa = PBXFileReference; fileEncoding = 4; lastKnownFileType = sourcecode.swift; path = LoginSubmitButton.swift; sourceTree = "<group>"; };
		F56490771D4635B100F4F1F0 /* FetchedResultsController.swift */ = {isa = PBXFileReference; fileEncoding = 4; lastKnownFileType = sourcecode.swift; path = FetchedResultsController.swift; sourceTree = "<group>"; };
		F56546DF1D78859600003019 /* ProductsViewController.swift */ = {isa = PBXFileReference; fileEncoding = 4; lastKnownFileType = sourcecode.swift; path = ProductsViewController.swift; sourceTree = "<group>"; };
		F56546E11D78AAAC00003019 /* ProductsTableViewCell.swift */ = {isa = PBXFileReference; fileEncoding = 4; lastKnownFileType = sourcecode.swift; path = ProductsTableViewCell.swift; sourceTree = "<group>"; };
		F56622B41D460523006E8648 /* Easy Digital Downloads-Bridging-Header.h */ = {isa = PBXFileReference; fileEncoding = 4; lastKnownFileType = sourcecode.c.h; path = "Easy Digital Downloads-Bridging-Header.h"; sourceTree = "<group>"; };
		F56B88E51CFADD5700DCF41F /* Site.swift */ = {isa = PBXFileReference; fileEncoding = 4; lastKnownFileType = sourcecode.swift; path = Site.swift; sourceTree = "<group>"; };
		F56B88E81CFB027000DCF41F /* DashboardTableViewCell.swift */ = {isa = PBXFileReference; fileEncoding = 4; lastKnownFileType = sourcecode.swift; name = DashboardTableViewCell.swift; path = Dashboard/DashboardTableViewCell.swift; sourceTree = "<group>"; };
		F577F9B71D833CAA006A3FD9 /* Constants.swift */ = {isa = PBXFileReference; fileEncoding = 4; lastKnownFileType = sourcecode.swift; path = Constants.swift; sourceTree = "<group>"; };
		F583238E1D7F0D17005153EA /* SalesDetailViewController.swift */ = {isa = PBXFileReference; fileEncoding = 4; lastKnownFileType = sourcecode.swift; path = SalesDetailViewController.swift; sourceTree = "<group>"; };
		F5890D151D0FF2C1004F2B37 /* Stats.swift */ = {isa = PBXFileReference; fileEncoding = 4; lastKnownFileType = sourcecode.swift; path = Stats.swift; sourceTree = "<group>"; };
		F5A312851CF1DAE1000F4F6F /* Easy Digital Downloads.app */ = {isa = PBXFileReference; explicitFileType = wrapper.application; includeInIndex = 0; path = "Easy Digital Downloads.app"; sourceTree = BUILT_PRODUCTS_DIR; };
		F5A312881CF1DAE1000F4F6F /* AppDelegate.swift */ = {isa = PBXFileReference; lastKnownFileType = sourcecode.swift; path = AppDelegate.swift; sourceTree = "<group>"; };
		F5A3128F1CF1DAE1000F4F6F /* Assets.xcassets */ = {isa = PBXFileReference; lastKnownFileType = folder.assetcatalog; path = Assets.xcassets; sourceTree = "<group>"; };
		F5A312921CF1DAE1000F4F6F /* Base */ = {isa = PBXFileReference; lastKnownFileType = file.storyboard; name = Base; path = Base.lproj/LaunchScreen.storyboard; sourceTree = "<group>"; };
		F5A312941CF1DAE1000F4F6F /* Info.plist */ = {isa = PBXFileReference; lastKnownFileType = text.plist.xml; path = Info.plist; sourceTree = "<group>"; };
		F5A53E3C1D95E92100483797 /* ProductsDetailHeadingTableViewCell.swift */ = {isa = PBXFileReference; fileEncoding = 4; lastKnownFileType = sourcecode.swift; path = ProductsDetailHeadingTableViewCell.swift; sourceTree = "<group>"; };
		F5AE176E1D703639003C7AF7 /* SubscriptionsViewController.swift */ = {isa = PBXFileReference; fileEncoding = 4; lastKnownFileType = sourcecode.swift; path = SubscriptionsViewController.swift; sourceTree = "<group>"; };
		F5B0611E1D69F43700F9B4E1 /* JSON+Null.swift */ = {isa = PBXFileReference; fileEncoding = 4; lastKnownFileType = sourcecode.swift; path = "JSON+Null.swift"; sourceTree = "<group>"; };
		F5B061201D6A206000F9B4E1 /* KeyCodable.swift */ = {isa = PBXFileReference; fileEncoding = 4; lastKnownFileType = sourcecode.swift; path = KeyCodable.swift; sourceTree = "<group>"; };
		F5B061221D6A38BD00F9B4E1 /* AugmentedDataProviderDelegate.swift */ = {isa = PBXFileReference; fileEncoding = 4; lastKnownFileType = sourcecode.swift; path = AugmentedDataProviderDelegate.swift; sourceTree = "<group>"; };
		F5B061241D6A392C00F9B4E1 /* SalesTableViewCell.swift */ = {isa = PBXFileReference; fileEncoding = 4; lastKnownFileType = sourcecode.swift; path = SalesTableViewCell.swift; sourceTree = "<group>"; };
		F5B0612C1D6B014F00F9B4E1 /* EDDToday.appex */ = {isa = PBXFileReference; explicitFileType = "wrapper.app-extension"; includeInIndex = 0; path = EDDToday.appex; sourceTree = BUILT_PRODUCTS_DIR; };
		F5B0612D1D6B015000F9B4E1 /* NotificationCenter.framework */ = {isa = PBXFileReference; lastKnownFileType = wrapper.framework; name = NotificationCenter.framework; path = System/Library/Frameworks/NotificationCenter.framework; sourceTree = SDKROOT; };
		F5B061301D6B015000F9B4E1 /* TodayViewController.swift */ = {isa = PBXFileReference; lastKnownFileType = sourcecode.swift; path = TodayViewController.swift; sourceTree = "<group>"; };
		F5B061351D6B015000F9B4E1 /* Info.plist */ = {isa = PBXFileReference; lastKnownFileType = text.plist.xml; path = Info.plist; sourceTree = "<group>"; };
		F5B0613D1D6B68EF00F9B4E1 /* EDDToday.entitlements */ = {isa = PBXFileReference; lastKnownFileType = text.xml; path = EDDToday.entitlements; sourceTree = "<group>"; };
		F5B982AC1D6BA0D500679271 /* SiteInformationViewController.swift */ = {isa = PBXFileReference; fileEncoding = 4; lastKnownFileType = sourcecode.swift; path = SiteInformationViewController.swift; sourceTree = "<group>"; };
		F5B982AE1D6BA19300679271 /* FileDownloadLogsController.swift */ = {isa = PBXFileReference; fileEncoding = 4; lastKnownFileType = sourcecode.swift; path = FileDownloadLogsController.swift; sourceTree = "<group>"; };
		F5B982B01D6BA1C800679271 /* ReviewsViewController.swift */ = {isa = PBXFileReference; fileEncoding = 4; lastKnownFileType = sourcecode.swift; path = ReviewsViewController.swift; sourceTree = "<group>"; };
		F5B982B21D6BA1D500679271 /* ReviewsDetailViewController.swift */ = {isa = PBXFileReference; fileEncoding = 4; lastKnownFileType = sourcecode.swift; path = ReviewsDetailViewController.swift; sourceTree = "<group>"; };
		F5B982B41D6BA1DF00679271 /* FileDownloadLogsDetailViewController.swift */ = {isa = PBXFileReference; fileEncoding = 4; lastKnownFileType = sourcecode.swift; path = FileDownloadLogsDetailViewController.swift; sourceTree = "<group>"; };
		F5B982B61D6BA21800679271 /* NewSiteViewController.swift */ = {isa = PBXFileReference; fileEncoding = 4; lastKnownFileType = sourcecode.swift; path = NewSiteViewController.swift; sourceTree = "<group>"; };
		F5E4887A1D97086A00C7A2A8 /* DiscountsViewController.swift */ = {isa = PBXFileReference; fileEncoding = 4; lastKnownFileType = sourcecode.swift; path = DiscountsViewController.swift; sourceTree = "<group>"; };
		F5E4887C1D973E0B00C7A2A8 /* Array+Unique.swift */ = {isa = PBXFileReference; fileEncoding = 4; lastKnownFileType = sourcecode.swift; path = "Array+Unique.swift"; sourceTree = "<group>"; };
		F5E4887E1D9753FE00C7A2A8 /* SalesDetailHeadingTableViewCell.swift */ = {isa = PBXFileReference; fileEncoding = 4; lastKnownFileType = sourcecode.swift; path = SalesDetailHeadingTableViewCell.swift; sourceTree = "<group>"; };
		F5E7827D1D8EEB5C00D29268 /* SiteInformationTableViewCell.swift */ = {isa = PBXFileReference; fileEncoding = 4; lastKnownFileType = sourcecode.swift; path = SiteInformationTableViewCell.swift; sourceTree = "<group>"; };
		F5E7827F1D8F381200D29268 /* ManageSitesTableViewController.swift */ = {isa = PBXFileReference; fileEncoding = 4; lastKnownFileType = sourcecode.swift; path = ManageSitesTableViewController.swift; sourceTree = "<group>"; };
		F5EAAFED1D87F070004E74EF /* ManageSitesViewController.swift */ = {isa = PBXFileReference; fileEncoding = 4; lastKnownFileType = sourcecode.swift; path = ManageSitesViewController.swift; sourceTree = "<group>"; };
		F5EBDDB61D2A889C00DD57D9 /* EditDashboardLayoutViewController.swift */ = {isa = PBXFileReference; fileEncoding = 4; lastKnownFileType = sourcecode.swift; name = EditDashboardLayoutViewController.swift; path = Dashboard/EditDashboardLayoutViewController.swift; sourceTree = "<group>"; };
		F5EF5E891CF26E4700298841 /* DashboardViewController.swift */ = {isa = PBXFileReference; fileEncoding = 4; lastKnownFileType = sourcecode.swift; name = DashboardViewController.swift; path = Dashboard/DashboardViewController.swift; sourceTree = "<group>"; };
		F5EF5E8C1CF2EDBA00298841 /* LoginViewController.swift */ = {isa = PBXFileReference; fileEncoding = 4; lastKnownFileType = sourcecode.swift; name = LoginViewController.swift; path = "Easy Digital Downloads/Views/Login/LoginViewController.swift"; sourceTree = SOURCE_ROOT; };
		F5EF5E8E1CF2EE0800298841 /* SiteTabBarController.swift */ = {isa = PBXFileReference; fileEncoding = 4; lastKnownFileType = sourcecode.swift; path = SiteTabBarController.swift; sourceTree = "<group>"; };
		F5EF5E9B1CF2FD9E00298841 /* EDD.xcdatamodel */ = {isa = PBXFileReference; lastKnownFileType = wrapper.xcdatamodel; path = EDD.xcdatamodel; sourceTree = "<group>"; };
		F5EF5E9D1CF314FA00298841 /* Branding.swift */ = {isa = PBXFileReference; fileEncoding = 4; lastKnownFileType = sourcecode.swift; path = Branding.swift; sourceTree = "<group>"; };
		F5FAF3BE1CFB077500F9F1FF /* SiteTableViewController.swift */ = {isa = PBXFileReference; fileEncoding = 4; lastKnownFileType = sourcecode.swift; path = SiteTableViewController.swift; sourceTree = "<group>"; };
		F5FAF3C01CFB5E0800F9F1FF /* ManagedObject.swift */ = {isa = PBXFileReference; fileEncoding = 4; lastKnownFileType = sourcecode.swift; path = ManagedObject.swift; sourceTree = "<group>"; };
		F5FAF3C21CFB5FCC00F9F1FF /* NSURL+Utilities.swift */ = {isa = PBXFileReference; fileEncoding = 4; lastKnownFileType = sourcecode.swift; path = "NSURL+Utilities.swift"; sourceTree = "<group>"; };
		F5FAF3C41CFB619800F9F1FF /* Stack.swift */ = {isa = PBXFileReference; fileEncoding = 4; lastKnownFileType = sourcecode.swift; path = Stack.swift; sourceTree = "<group>"; };
		F5FAF3C71CFB628A00F9F1FF /* ManagedObjectContextSettable.swift */ = {isa = PBXFileReference; fileEncoding = 4; lastKnownFileType = sourcecode.swift; path = ManagedObjectContextSettable.swift; sourceTree = "<group>"; };
		F5FAF3C91CFB64C800F9F1FF /* ManagedObjectType.swift */ = {isa = PBXFileReference; fileEncoding = 4; lastKnownFileType = sourcecode.swift; path = ManagedObjectType.swift; sourceTree = "<group>"; };
		F5FAF3CC1CFBA18100F9F1FF /* FetchedResultsDataProvider.swift */ = {isa = PBXFileReference; fileEncoding = 4; lastKnownFileType = sourcecode.swift; path = FetchedResultsDataProvider.swift; sourceTree = "<group>"; };
		F5FAF3CE1CFBA1B800F9F1FF /* DataProvider.swift */ = {isa = PBXFileReference; fileEncoding = 4; lastKnownFileType = sourcecode.swift; path = DataProvider.swift; sourceTree = "<group>"; };
		F5FAF3D21CFBA30800F9F1FF /* TableViewDataSource.swift */ = {isa = PBXFileReference; fileEncoding = 4; lastKnownFileType = sourcecode.swift; path = TableViewDataSource.swift; sourceTree = "<group>"; };
		F5FAF3D41CFBA32A00F9F1FF /* ConfigurableCell.swift */ = {isa = PBXFileReference; fileEncoding = 4; lastKnownFileType = sourcecode.swift; path = ConfigurableCell.swift; sourceTree = "<group>"; };
		F5FAF3D61CFBA6EF00F9F1FF /* DataSource.swift */ = {isa = PBXFileReference; fileEncoding = 4; lastKnownFileType = sourcecode.swift; path = DataSource.swift; sourceTree = "<group>"; };
		F5FAF3D81CFC1FED00F9F1FF /* NSManagedObjectContext+Helpers.swift */ = {isa = PBXFileReference; fileEncoding = 4; lastKnownFileType = sourcecode.swift; path = "NSManagedObjectContext+Helpers.swift"; sourceTree = "<group>"; };
		F5FAF3DA1CFDB9DD00F9F1FF /* ManagedObjectObserver.swift */ = {isa = PBXFileReference; fileEncoding = 4; lastKnownFileType = sourcecode.swift; path = ManagedObjectObserver.swift; sourceTree = "<group>"; };
		F5FAF3DC1CFDBAA900F9F1FF /* NSManagedObjectContext+Observers.swift */ = {isa = PBXFileReference; fileEncoding = 4; lastKnownFileType = sourcecode.swift; path = "NSManagedObjectContext+Observers.swift"; sourceTree = "<group>"; };
		F5FAF3DE1CFDBB2300F9F1FF /* SequenceType+Utilities.swift */ = {isa = PBXFileReference; fileEncoding = 4; lastKnownFileType = sourcecode.swift; path = "SequenceType+Utilities.swift"; sourceTree = "<group>"; };
/* End PBXFileReference section */

/* Begin PBXFrameworksBuildPhase section */
		F5A312821CF1DAE1000F4F6F /* Frameworks */ = {
			isa = PBXFrameworksBuildPhase;
			buildActionMask = 2147483647;
			files = (
				F512E40E1D9186FC0086AD68 /* Security.framework in Frameworks */,
				7C14DC6DD9510FCA4A4DAC2D /* Pods_Easy_Digital_Downloads.framework in Frameworks */,
				CD9021C0801F1E02FBA0AD0C /* Pods_EDD_Easy_Digital_Downloads.framework in Frameworks */,
			);
			runOnlyForDeploymentPostprocessing = 0;
		};
		F5B061291D6B014F00F9B4E1 /* Frameworks */ = {
			isa = PBXFrameworksBuildPhase;
			buildActionMask = 2147483647;
			files = (
				F5B0612E1D6B015000F9B4E1 /* NotificationCenter.framework in Frameworks */,
				D6CE78C2858D9E8BB10083C3 /* Pods_EDD_EDDToday.framework in Frameworks */,
			);
			runOnlyForDeploymentPostprocessing = 0;
		};
/* End PBXFrameworksBuildPhase section */

/* Begin PBXGroup section */
		6E4542EF9900145ABAE43598 /* Pods */ = {
			isa = PBXGroup;
			children = (
				82B99EF72DAA8AE69B865C56 /* Pods-Easy Digital Downloads.debug.xcconfig */,
				5882D613D54F927F6699E1E9 /* Pods-Easy Digital Downloads.release.xcconfig */,
				B1CD92666F5B5787429402AB /* Pods-EDD-EDDToday.debug.xcconfig */,
				D3DD97B0F116D34940763117 /* Pods-EDD-EDDToday.release.xcconfig */,
				4245509389ED9AAD9E3A653B /* Pods-EDD-Easy Digital Downloads.debug.xcconfig */,
				0417CD63DA9A5FA7967B36FF /* Pods-EDD-Easy Digital Downloads.release.xcconfig */,
			);
			name = Pods;
			sourceTree = "<group>";
		};
		7C5F97A647D663D04F05894B /* Frameworks */ = {
			isa = PBXGroup;
			children = (
				F512E40D1D9186FC0086AD68 /* Security.framework */,
				F50DEB381CF9F775001A6A51 /* Gridicons.framework */,
				F50DEB391CF9F775001A6A51 /* MCDateExtensions.framework */,
				F50DEB3A1CF9F775001A6A51 /* MZAppearance.framework */,
				F50DEB3B1CF9F775001A6A51 /* MZFormSheetPresentationController.framework */,
				F50DEB3C1CF9F775001A6A51 /* OnePasswordExtension.framework */,
				F50DEB3D1CF9F775001A6A51 /* Realm.framework */,
				F50DEB3E1CF9F775001A6A51 /* RealmSwift.framework */,
				F50DEB3F1CF9F775001A6A51 /* SSKeychain.framework */,
				F50DEB401CF9F775001A6A51 /* SVProgressHUD.framework */,
				F50DEB411CF9F775001A6A51 /* SwiftyJSON.framework */,
				F50DEB421CF9F775001A6A51 /* TTTAttributedLabel.framework */,
				619A29A076A169C9D993D7AC /* Pods_Easy_Digital_Downloads.framework */,
				F5B0612D1D6B015000F9B4E1 /* NotificationCenter.framework */,
				8F20B0B77A3F7F17B151F7B1 /* Pods_EDD_EDDToday.framework */,
				91B1CBEF62024057411CFCDD /* Pods_EDD_Easy_Digital_Downloads.framework */,
			);
			name = Frameworks;
			sourceTree = "<group>";
		};
		F502AFFD1CF434EB0089EEE1 /* Dashboard */ = {
			isa = PBXGroup;
			children = (
				F5EF5E891CF26E4700298841 /* DashboardViewController.swift */,
				F56B88E81CFB027000DCF41F /* DashboardTableViewCell.swift */,
				F5EBDDB61D2A889C00DD57D9 /* EditDashboardLayoutViewController.swift */,
			);
			name = Dashboard;
			sourceTree = "<group>";
		};
		F502AFFE1CF434ED0089EEE1 /* Login */ = {
			isa = PBXGroup;
			children = (
				F5EF5E8C1CF2EDBA00298841 /* LoginViewController.swift */,
				F502B0021CF435790089EEE1 /* LoginTextField.swift */,
				F55C60E41CF5155A00A6D812 /* LoginSubmitButton.swift */,
			);
			path = Login;
			sourceTree = "<group>";
		};
		F502AFFF1CF434F40089EEE1 /* Sales */ = {
			isa = PBXGroup;
			children = (
				F50DEB4E1CFA4A37001A6A51 /* SalesViewController.swift */,
				F5B061241D6A392C00F9B4E1 /* SalesTableViewCell.swift */,
				F583238E1D7F0D17005153EA /* SalesDetailViewController.swift */,
				F512E4151D9407FB0086AD68 /* SalesDetailPaymentTableViewCell.swift */,
				F51A905D1D947E10003E06C2 /* SalesDetailProductTableViewCell.swift */,
				F51A905F1D947E18003E06C2 /* SalesDetailMetaTableViewCell.swift */,
				F51A90611D947E33003E06C2 /* SalesDetailCustomerTableViewCell.swift */,
				F5E4887E1D9753FE00C7A2A8 /* SalesDetailHeadingTableViewCell.swift */,
			);
			path = Sales;
			sourceTree = "<group>";
		};
		F50388911D7493DF0059BB38 /* Search */ = {
			isa = PBXGroup;
			children = (
				F50388921D74940A0059BB38 /* SearchViewController.swift */,
				F51A906A1D955AA2003E06C2 /* SearchTableViewCell.swift */,
			);
			path = Search;
			sourceTree = "<group>";
		};
		F50DEB501CFA4EE8001A6A51 /* Customers */ = {
			isa = PBXGroup;
			children = (
				F50DEB511CFA4EFC001A6A51 /* CustomersViewController.swift */,
				F50388941D74A75B0059BB38 /* CustomersTableViewCell.swift */,
				F512E4071D9179080086AD68 /* CustomersDetailViewController.swift */,
				F512E4091D917C480086AD68 /* CustomerProfileTableViewCell.swift */,
				F512E40F1D918FB90086AD68 /* CustomerStatsTableViewCell.swift */,
				F512E4111D9200BA0086AD68 /* CustomerDetailHeadingTableViewCell.swift */,
				F512E4131D920CA30086AD68 /* CustomerRecentSaleTableViewCell.swift */,
			);
			path = Customers;
			sourceTree = "<group>";
		};
		F50DEB531CFAD210001A6A51 /* Buttons */ = {
			isa = PBXGroup;
			children = (
				F50DEB541CFAD228001A6A51 /* HighlightButton.swift */,
			);
			path = Buttons;
			sourceTree = "<group>";
		};
		F51A90651D951F0D003E06C2 /* Shared */ = {
			isa = PBXGroup;
			children = (
				F51A90661D951F20003E06C2 /* SearchBar.swift */,
				F51A90681D951FE9003E06C2 /* SearchController.swift */,
			);
			path = Shared;
			sourceTree = "<group>";
		};
		F51F22461D3B7BED00D114E8 /* Sites */ = {
			isa = PBXGroup;
			children = (
				F51F22471D3B7C0000D114E8 /* SwitchSiteViewController.swift */,
				F5B982B61D6BA21800679271 /* NewSiteViewController.swift */,
			);
			path = Sites;
			sourceTree = "<group>";
		};
		F523F2201D6650B7000AB028 /* Integrations */ = {
			isa = PBXGroup;
			children = (
				F5E488791D97084C00C7A2A8 /* Discounts */,
				F5E7827C1D8EEB0E00D29268 /* SiteInformation */,
				F50388911D7493DF0059BB38 /* Search */,
				F5B061271D6AFEDE00F9B4E1 /* Reviews */,
				F5B061261D6AFEDC00F9B4E1 /* Logs */,
				F523F2211D6650DB000AB028 /* MoreViewController.swift */,
				F5EAAFED1D87F070004E74EF /* ManageSitesViewController.swift */,
			);
			path = Integrations;
			sourceTree = "<group>";
		};
		F56546DE1D78857300003019 /* Products */ = {
			isa = PBXGroup;
			children = (
				F56546DF1D78859600003019 /* ProductsViewController.swift */,
				F56546E11D78AAAC00003019 /* ProductsTableViewCell.swift */,
				F51A906C1D95DB4D003E06C2 /* ProductsDetailViewController.swift */,
				F5A53E3C1D95E92100483797 /* ProductsDetailHeadingTableViewCell.swift */,
			);
			path = Products;
			sourceTree = "<group>";
		};
		F5A3127C1CF1DAE1000F4F6F = {
			isa = PBXGroup;
			children = (
				F5A312871CF1DAE1000F4F6F /* Easy Digital Downloads */,
				F5B0612F1D6B015000F9B4E1 /* EDDToday */,
				F5A312861CF1DAE1000F4F6F /* Products */,
				6E4542EF9900145ABAE43598 /* Pods */,
				7C5F97A647D663D04F05894B /* Frameworks */,
			);
			sourceTree = "<group>";
		};
		F5A312861CF1DAE1000F4F6F /* Products */ = {
			isa = PBXGroup;
			children = (
				F5A312851CF1DAE1000F4F6F /* Easy Digital Downloads.app */,
				F5B0612C1D6B014F00F9B4E1 /* EDDToday.appex */,
			);
			name = Products;
			sourceTree = "<group>";
		};
		F5A312871CF1DAE1000F4F6F /* Easy Digital Downloads */ = {
			isa = PBXGroup;
			children = (
				F555ED911D65EBA300C02C0B /* Easy Digital Downloads.entitlements */,
				F5FAF3CB1CFBA16500F9F1FF /* Data Sources and Providers */,
				F5FAF3C61CFB627600F9F1FF /* Protocols */,
				F5A3129E1CF20231000F4F6F /* Helpers */,
				F5A3129D1CF2022E000F4F6F /* Stores */,
				F5A3129C1CF20221000F4F6F /* Controllers */,
				F5A3129B1CF2021B000F4F6F /* Views */,
				F5A3129A1CF20217000F4F6F /* Models */,
				F5A312881CF1DAE1000F4F6F /* AppDelegate.swift */,
				F5A3128F1CF1DAE1000F4F6F /* Assets.xcassets */,
				F5A312911CF1DAE1000F4F6F /* LaunchScreen.storyboard */,
				F5A312941CF1DAE1000F4F6F /* Info.plist */,
				F56622B41D460523006E8648 /* Easy Digital Downloads-Bridging-Header.h */,
				F577F9B71D833CAA006A3FD9 /* Constants.swift */,
			);
			path = "Easy Digital Downloads";
			sourceTree = "<group>";
		};
		F5A3129A1CF20217000F4F6F /* Models */ = {
			isa = PBXGroup;
			children = (
				F56B88E51CFADD5700DCF41F /* Site.swift */,
				F5FAF3C01CFB5E0800F9F1FF /* ManagedObject.swift */,
				F5FAF3C41CFB619800F9F1FF /* Stack.swift */,
				F54724F91D3C3ABC009D5E8D /* Commission.swift */,
				F54724FB1D3C3AD1009D5E8D /* Customer.swift */,
				F54724FD1D3C3AD6009D5E8D /* Discount.swift */,
				F54724FF1D3C3ADC009D5E8D /* Product.swift */,
				F54725011D3C3AE2009D5E8D /* Sale.swift */,
				F54725031D3C3AEA009D5E8D /* Subscription.swift */,
				F540EF8E1D6F8EF90012B453 /* FileDownloadLog.swift */,
			);
			path = Models;
			sourceTree = "<group>";
		};
		F5A3129B1CF2021B000F4F6F /* Views */ = {
			isa = PBXGroup;
			children = (
				F51A90651D951F0D003E06C2 /* Shared */,
				F50DEB531CFAD210001A6A51 /* Buttons */,
				F50DEB501CFA4EE8001A6A51 /* Customers */,
				F502AFFD1CF434EB0089EEE1 /* Dashboard */,
				F523F2201D6650B7000AB028 /* Integrations */,
				F502AFFE1CF434ED0089EEE1 /* Login */,
				F56546DE1D78857300003019 /* Products */,
				F502AFFF1CF434F40089EEE1 /* Sales */,
				F51F22461D3B7BED00D114E8 /* Sites */,
				F5EF5E8E1CF2EE0800298841 /* SiteTabBarController.swift */,
				F5FAF3BE1CFB077500F9F1FF /* SiteTableViewController.swift */,
				F5AE176D1D7035F5003C7AF7 /* Subscriptions */,
			);
			path = Views;
			sourceTree = "<group>";
		};
		F5A3129C1CF20221000F4F6F /* Controllers */ = {
			isa = PBXGroup;
			children = (
			);
			path = Controllers;
			sourceTree = "<group>";
		};
		F5A3129D1CF2022E000F4F6F /* Stores */ = {
			isa = PBXGroup;
			children = (
				F5EF5E9A1CF2FD9E00298841 /* EDD.xcdatamodeld */,
				F5890D151D0FF2C1004F2B37 /* Stats.swift */,
				F51F22491D3B948600D114E8 /* GraphData.swift */,
			);
			path = Stores;
			sourceTree = "<group>";
		};
		F5A3129E1CF20231000F4F6F /* Helpers */ = {
			isa = PBXGroup;
			children = (
				F5EF5E9D1CF314FA00298841 /* Branding.swift */,
				F5FAF3C21CFB5FCC00F9F1FF /* NSURL+Utilities.swift */,
				F5FAF3D81CFC1FED00F9F1FF /* NSManagedObjectContext+Helpers.swift */,
				F5FAF3DC1CFDBAA900F9F1FF /* NSManagedObjectContext+Observers.swift */,
				F5FAF3DE1CFDBB2300F9F1FF /* SequenceType+Utilities.swift */,
				F52825201CFDCF2E00AB62D9 /* NSManagedObject+Extensions.swift */,
				F52825241CFE41B000AB62D9 /* Dictionary+Helpers.swift */,
				F5B0611E1D69F43700F9B4E1 /* JSON+Null.swift */,
				F512E40B1D91847C0086AD68 /* Gravatar.swift */,
				F5E4887C1D973E0B00C7A2A8 /* Array+Unique.swift */,
			);
			path = Helpers;
			sourceTree = "<group>";
		};
		F5AE176D1D7035F5003C7AF7 /* Subscriptions */ = {
			isa = PBXGroup;
			children = (
				F5AE176E1D703639003C7AF7 /* SubscriptionsViewController.swift */,
				F51A90631D9498D5003E06C2 /* SubscriptionsTableViewCell.swift */,
			);
			path = Subscriptions;
			sourceTree = "<group>";
		};
		F5B061261D6AFEDC00F9B4E1 /* Logs */ = {
			isa = PBXGroup;
			children = (
				F5B982AE1D6BA19300679271 /* FileDownloadLogsController.swift */,
				F5B982B41D6BA1DF00679271 /* FileDownloadLogsDetailViewController.swift */,
				F50388851D73393C0059BB38 /* FileDownloadLogsTableViewCell.swift */,
				F50388891D7368DA0059BB38 /* FileDownloadLogsMetaTableViewCell.swift */,
				F503888B1D73710E0059BB38 /* FileDownloadLogsPaymentTableViewCell.swift */,
				F503888D1D73711F0059BB38 /* FileDownloadLogsCustomerTableViewCell.swift */,
				F503888F1D7371450059BB38 /* FileDownloadLogsProductTableViewCell.swift */,
			);
			path = Logs;
			sourceTree = "<group>";
		};
		F5B061271D6AFEDE00F9B4E1 /* Reviews */ = {
			isa = PBXGroup;
			children = (
				F5B982B01D6BA1C800679271 /* ReviewsViewController.swift */,
				F5B982B21D6BA1D500679271 /* ReviewsDetailViewController.swift */,
			);
			path = Reviews;
			sourceTree = "<group>";
		};
		F5B0612F1D6B015000F9B4E1 /* EDDToday */ = {
			isa = PBXGroup;
			children = (
				F5B0613D1D6B68EF00F9B4E1 /* EDDToday.entitlements */,
				F5B061301D6B015000F9B4E1 /* TodayViewController.swift */,
				F5B061351D6B015000F9B4E1 /* Info.plist */,
			);
			path = EDDToday;
			sourceTree = "<group>";
		};
		F5E488791D97084C00C7A2A8 /* Discounts */ = {
			isa = PBXGroup;
			children = (
				F5E4887A1D97086A00C7A2A8 /* DiscountsViewController.swift */,
			);
			path = Discounts;
			sourceTree = "<group>";
		};
		F5E7827C1D8EEB0E00D29268 /* SiteInformation */ = {
			isa = PBXGroup;
			children = (
				F5B982AC1D6BA0D500679271 /* SiteInformationViewController.swift */,
				F5E7827D1D8EEB5C00D29268 /* SiteInformationTableViewCell.swift */,
				F5E7827F1D8F381200D29268 /* ManageSitesTableViewController.swift */,
			);
			path = SiteInformation;
			sourceTree = "<group>";
		};
		F5FAF3C61CFB627600F9F1FF /* Protocols */ = {
			isa = PBXGroup;
			children = (
				F5FAF3C71CFB628A00F9F1FF /* ManagedObjectContextSettable.swift */,
				F5FAF3C91CFB64C800F9F1FF /* ManagedObjectType.swift */,
				F5FAF3D41CFBA32A00F9F1FF /* ConfigurableCell.swift */,
				F5B061201D6A206000F9B4E1 /* KeyCodable.swift */,
				F50388871D735B030059BB38 /* InfiniteScrollingTableView.swift */,
			);
			path = Protocols;
			sourceTree = "<group>";
		};
		F5FAF3CB1CFBA16500F9F1FF /* Data Sources and Providers */ = {
			isa = PBXGroup;
			children = (
				F5FAF3CC1CFBA18100F9F1FF /* FetchedResultsDataProvider.swift */,
				F5FAF3CE1CFBA1B800F9F1FF /* DataProvider.swift */,
				F5FAF3D21CFBA30800F9F1FF /* TableViewDataSource.swift */,
				F5FAF3D61CFBA6EF00F9F1FF /* DataSource.swift */,
				F5FAF3DA1CFDB9DD00F9F1FF /* ManagedObjectObserver.swift */,
				F52825221CFE1F9600AB62D9 /* EDDAPIWrapper.swift */,
				F56490771D4635B100F4F1F0 /* FetchedResultsController.swift */,
				F5B061221D6A38BD00F9B4E1 /* AugmentedDataProviderDelegate.swift */,
			);
			path = "Data Sources and Providers";
			sourceTree = "<group>";
		};
/* End PBXGroup section */

/* Begin PBXNativeTarget section */
		F5A312841CF1DAE1000F4F6F /* Easy Digital Downloads */ = {
			isa = PBXNativeTarget;
			buildConfigurationList = F5A312971CF1DAE1000F4F6F /* Build configuration list for PBXNativeTarget "Easy Digital Downloads" */;
			buildPhases = (
				BFD25241D1BD0AEDB3A104F4 /* [CP] Check Pods Manifest.lock */,
				F5A312811CF1DAE1000F4F6F /* Sources */,
				F5A312821CF1DAE1000F4F6F /* Frameworks */,
				F5A312831CF1DAE1000F4F6F /* Resources */,
				ADB1BA03EA6070F9653B44BE /* [CP] Embed Pods Frameworks */,
				5073586A433310F390DF3B55 /* [CP] Copy Pods Resources */,
				F5B0613C1D6B015000F9B4E1 /* Embed App Extensions */,
			);
			buildRules = (
			);
			dependencies = (
				F5B061371D6B015000F9B4E1 /* PBXTargetDependency */,
			);
			name = "Easy Digital Downloads";
			productName = "Easy Digital Downloads";
			productReference = F5A312851CF1DAE1000F4F6F /* Easy Digital Downloads.app */;
			productType = "com.apple.product-type.application";
		};
		F5B0612B1D6B014F00F9B4E1 /* EDDToday */ = {
			isa = PBXNativeTarget;
			buildConfigurationList = F5B061391D6B015000F9B4E1 /* Build configuration list for PBXNativeTarget "EDDToday" */;
			buildPhases = (
				787532EF8194CF4DF527C766 /* [CP] Check Pods Manifest.lock */,
				F5B061281D6B014F00F9B4E1 /* Sources */,
				F5B061291D6B014F00F9B4E1 /* Frameworks */,
				F5B0612A1D6B014F00F9B4E1 /* Resources */,
				2EB3817FAE5168121CF23C30 /* [CP] Copy Pods Resources */,
			);
			buildRules = (
			);
			dependencies = (
			);
			name = EDDToday;
			productName = EDDToday;
			productReference = F5B0612C1D6B014F00F9B4E1 /* EDDToday.appex */;
			productType = "com.apple.product-type.app-extension";
		};
/* End PBXNativeTarget section */

/* Begin PBXProject section */
		F5A3127D1CF1DAE1000F4F6F /* Project object */ = {
			isa = PBXProject;
			attributes = {
				LastSwiftUpdateCheck = 0730;
				LastUpgradeCheck = 0800;
				ORGANIZATIONNAME = "Easy Digital Downloads";
				TargetAttributes = {
					F5A312841CF1DAE1000F4F6F = {
						CreatedOnToolsVersion = 7.3;
						DevelopmentTeam = H7B3257R6N;
						LastSwiftMigration = 0800;
						SystemCapabilities = {
							com.apple.ApplicationGroups.iOS = {
								enabled = 1;
							};
							com.apple.Keychain = {
								enabled = 1;
							};
						};
					};
					F5B0612B1D6B014F00F9B4E1 = {
						CreatedOnToolsVersion = 7.3.1;
						DevelopmentTeam = H7B3257R6N;
						LastSwiftMigration = 0800;
						SystemCapabilities = {
							com.apple.ApplicationGroups.iOS = {
								enabled = 1;
							};
							com.apple.Keychain = {
								enabled = 1;
							};
						};
					};
				};
			};
			buildConfigurationList = F5A312801CF1DAE1000F4F6F /* Build configuration list for PBXProject "Easy Digital Downloads" */;
			compatibilityVersion = "Xcode 3.2";
			developmentRegion = English;
			hasScannedForEncodings = 0;
			knownRegions = (
				en,
				Base,
			);
			mainGroup = F5A3127C1CF1DAE1000F4F6F;
			productRefGroup = F5A312861CF1DAE1000F4F6F /* Products */;
			projectDirPath = "";
			projectRoot = "";
			targets = (
				F5A312841CF1DAE1000F4F6F /* Easy Digital Downloads */,
				F5B0612B1D6B014F00F9B4E1 /* EDDToday */,
			);
		};
/* End PBXProject section */

/* Begin PBXResourcesBuildPhase section */
		F5A312831CF1DAE1000F4F6F /* Resources */ = {
			isa = PBXResourcesBuildPhase;
			buildActionMask = 2147483647;
			files = (
				F5A312931CF1DAE1000F4F6F /* LaunchScreen.storyboard in Resources */,
				F5A312901CF1DAE1000F4F6F /* Assets.xcassets in Resources */,
			);
			runOnlyForDeploymentPostprocessing = 0;
		};
		F5B0612A1D6B014F00F9B4E1 /* Resources */ = {
			isa = PBXResourcesBuildPhase;
			buildActionMask = 2147483647;
			files = (
			);
			runOnlyForDeploymentPostprocessing = 0;
		};
/* End PBXResourcesBuildPhase section */

/* Begin PBXShellScriptBuildPhase section */
		2EB3817FAE5168121CF23C30 /* [CP] Copy Pods Resources */ = {
			isa = PBXShellScriptBuildPhase;
			buildActionMask = 2147483647;
			files = (
			);
			inputPaths = (
			);
			name = "[CP] Copy Pods Resources";
			outputPaths = (
			);
			runOnlyForDeploymentPostprocessing = 0;
			shellPath = /bin/sh;
			shellScript = "\"${SRCROOT}/Pods/Target Support Files/Pods-EDD-EDDToday/Pods-EDD-EDDToday-resources.sh\"\n";
			showEnvVarsInLog = 0;
		};
		5073586A433310F390DF3B55 /* [CP] Copy Pods Resources */ = {
			isa = PBXShellScriptBuildPhase;
			buildActionMask = 2147483647;
			files = (
			);
			inputPaths = (
			);
			name = "[CP] Copy Pods Resources";
			outputPaths = (
			);
			runOnlyForDeploymentPostprocessing = 0;
			shellPath = /bin/sh;
			shellScript = "\"${SRCROOT}/Pods/Target Support Files/Pods-EDD-Easy Digital Downloads/Pods-EDD-Easy Digital Downloads-resources.sh\"\n";
			showEnvVarsInLog = 0;
		};
		787532EF8194CF4DF527C766 /* [CP] Check Pods Manifest.lock */ = {
			isa = PBXShellScriptBuildPhase;
			buildActionMask = 2147483647;
			files = (
			);
			inputPaths = (
			);
			name = "[CP] Check Pods Manifest.lock";
			outputPaths = (
			);
			runOnlyForDeploymentPostprocessing = 0;
			shellPath = /bin/sh;
			shellScript = "diff \"${PODS_ROOT}/../Podfile.lock\" \"${PODS_ROOT}/Manifest.lock\" > /dev/null\nif [ $? != 0 ] ; then\n    # print error to STDERR\n    echo \"error: The sandbox is not in sync with the Podfile.lock. Run 'pod install' or update your CocoaPods installation.\" >&2\n    exit 1\nfi\n";
			showEnvVarsInLog = 0;
		};
		ADB1BA03EA6070F9653B44BE /* [CP] Embed Pods Frameworks */ = {
			isa = PBXShellScriptBuildPhase;
			buildActionMask = 2147483647;
			files = (
			);
			inputPaths = (
			);
			name = "[CP] Embed Pods Frameworks";
			outputPaths = (
			);
			runOnlyForDeploymentPostprocessing = 0;
			shellPath = /bin/sh;
			shellScript = "\"${SRCROOT}/Pods/Target Support Files/Pods-EDD-Easy Digital Downloads/Pods-EDD-Easy Digital Downloads-frameworks.sh\"\n";
			showEnvVarsInLog = 0;
		};
		BFD25241D1BD0AEDB3A104F4 /* [CP] Check Pods Manifest.lock */ = {
			isa = PBXShellScriptBuildPhase;
			buildActionMask = 2147483647;
			files = (
			);
			inputPaths = (
			);
			name = "[CP] Check Pods Manifest.lock";
			outputPaths = (
			);
			runOnlyForDeploymentPostprocessing = 0;
			shellPath = /bin/sh;
			shellScript = "diff \"${PODS_ROOT}/../Podfile.lock\" \"${PODS_ROOT}/Manifest.lock\" > /dev/null\nif [ $? != 0 ] ; then\n    # print error to STDERR\n    echo \"error: The sandbox is not in sync with the Podfile.lock. Run 'pod install' or update your CocoaPods installation.\" >&2\n    exit 1\nfi\n";
			showEnvVarsInLog = 0;
		};
/* End PBXShellScriptBuildPhase section */

/* Begin PBXSourcesBuildPhase section */
		F5A312811CF1DAE1000F4F6F /* Sources */ = {
			isa = PBXSourcesBuildPhase;
			buildActionMask = 2147483647;
			files = (
				F52825251CFE41B000AB62D9 /* Dictionary+Helpers.swift in Sources */,
				F5890D161D0FF2C1004F2B37 /* Stats.swift in Sources */,
				F56B88E71CFADD5700DCF41F /* Site.swift in Sources */,
				F5EF5E8D1CF2EDBA00298841 /* LoginViewController.swift in Sources */,
				F540EF8F1D6F8EF90012B453 /* FileDownloadLog.swift in Sources */,
				F5FAF3C11CFB5E0800F9F1FF /* ManagedObject.swift in Sources */,
				F5FAF3CF1CFBA1B800F9F1FF /* DataProvider.swift in Sources */,
				F56490781D4635B100F4F1F0 /* FetchedResultsController.swift in Sources */,
				F5FAF3C51CFB619800F9F1FF /* Stack.swift in Sources */,
				F577F9B81D833CAA006A3FD9 /* Constants.swift in Sources */,
				F51A90641D9498D5003E06C2 /* SubscriptionsTableViewCell.swift in Sources */,
				F51A90601D947E18003E06C2 /* SalesDetailMetaTableViewCell.swift in Sources */,
				F51A905E1D947E10003E06C2 /* SalesDetailProductTableViewCell.swift in Sources */,
				F50388951D74A75B0059BB38 /* CustomersTableViewCell.swift in Sources */,
				F56546E01D78859600003019 /* ProductsViewController.swift in Sources */,
				F50DEB4F1CFA4A37001A6A51 /* SalesViewController.swift in Sources */,
				F5FAF3D71CFBA6EF00F9F1FF /* DataSource.swift in Sources */,
				F5EF5E8A1CF26E4700298841 /* DashboardViewController.swift in Sources */,
				F51F224A1D3B948600D114E8 /* GraphData.swift in Sources */,
				F51A90671D951F20003E06C2 /* SearchBar.swift in Sources */,
				F5EF5E8F1CF2EE0800298841 /* SiteTabBarController.swift in Sources */,
				F51F22481D3B7C0000D114E8 /* SwitchSiteViewController.swift in Sources */,
				F5A53E3D1D95E92100483797 /* ProductsDetailHeadingTableViewCell.swift in Sources */,
				F5EF5E9E1CF314FA00298841 /* Branding.swift in Sources */,
				F5E7827E1D8EEB5C00D29268 /* SiteInformationTableViewCell.swift in Sources */,
				F583238F1D7F0D17005153EA /* SalesDetailViewController.swift in Sources */,
				F5EF5E9C1CF2FD9E00298841 /* EDD.xcdatamodeld in Sources */,
				F5B982B11D6BA1C800679271 /* ReviewsViewController.swift in Sources */,
				F5FAF3BF1CFB077500F9F1FF /* SiteTableViewController.swift in Sources */,
				F56B88E91CFB027000DCF41F /* DashboardTableViewCell.swift in Sources */,
				F54725001D3C3ADC009D5E8D /* Product.swift in Sources */,
				F51A90691D951FE9003E06C2 /* SearchController.swift in Sources */,
				F512E4121D9200BA0086AD68 /* CustomerDetailHeadingTableViewCell.swift in Sources */,
				F54725041D3C3AEA009D5E8D /* Subscription.swift in Sources */,
				F5B982B31D6BA1D500679271 /* ReviewsDetailViewController.swift in Sources */,
				F5FAF3D51CFBA32A00F9F1FF /* ConfigurableCell.swift in Sources */,
				F5E4887D1D973E0B00C7A2A8 /* Array+Unique.swift in Sources */,
				F54724FA1D3C3ABC009D5E8D /* Commission.swift in Sources */,
				F5FAF3D31CFBA30800F9F1FF /* TableViewDataSource.swift in Sources */,
				F50388881D735B030059BB38 /* InfiniteScrollingTableView.swift in Sources */,
				F54725021D3C3AE2009D5E8D /* Sale.swift in Sources */,
				F50DEB521CFA4EFC001A6A51 /* CustomersViewController.swift in Sources */,
				F5FAF3DB1CFDB9DD00F9F1FF /* ManagedObjectObserver.swift in Sources */,
				F5FAF3C31CFB5FCC00F9F1FF /* NSURL+Utilities.swift in Sources */,
				F502B0031CF435790089EEE1 /* LoginTextField.swift in Sources */,
				F5E782801D8F381200D29268 /* ManageSitesTableViewController.swift in Sources */,
				F5FAF3CD1CFBA18100F9F1FF /* FetchedResultsDataProvider.swift in Sources */,
				F5A312891CF1DAE1000F4F6F /* AppDelegate.swift in Sources */,
				F52825211CFDCF2E00AB62D9 /* NSManagedObject+Extensions.swift in Sources */,
				F5AE176F1D703639003C7AF7 /* SubscriptionsViewController.swift in Sources */,
				F51A90621D947E33003E06C2 /* SalesDetailCustomerTableViewCell.swift in Sources */,
				F5E4887B1D97086A00C7A2A8 /* DiscountsViewController.swift in Sources */,
				F5FAF3D91CFC1FED00F9F1FF /* NSManagedObjectContext+Helpers.swift in Sources */,
				F5FAF3DD1CFDBAA900F9F1FF /* NSManagedObjectContext+Observers.swift in Sources */,
				F50388931D74940A0059BB38 /* SearchViewController.swift in Sources */,
				F56546E21D78AAAC00003019 /* ProductsTableViewCell.swift in Sources */,
				F5FAF3CA1CFB64C800F9F1FF /* ManagedObjectType.swift in Sources */,
				F5B982B51D6BA1DF00679271 /* FileDownloadLogsDetailViewController.swift in Sources */,
				F503888E1D73711F0059BB38 /* FileDownloadLogsCustomerTableViewCell.swift in Sources */,
				F54724FC1D3C3AD1009D5E8D /* Customer.swift in Sources */,
				F54724FE1D3C3AD6009D5E8D /* Discount.swift in Sources */,
				F5B982B71D6BA21800679271 /* NewSiteViewController.swift in Sources */,
				F5B061211D6A206000F9B4E1 /* KeyCodable.swift in Sources */,
				F523F2221D6650DB000AB028 /* MoreViewController.swift in Sources */,
				F50DEB551CFAD228001A6A51 /* HighlightButton.swift in Sources */,
				F51A906D1D95DB4D003E06C2 /* ProductsDetailViewController.swift in Sources */,
				F52825231CFE1F9600AB62D9 /* EDDAPIWrapper.swift in Sources */,
				F5B982AD1D6BA0D500679271 /* SiteInformationViewController.swift in Sources */,
				F50388901D7371450059BB38 /* FileDownloadLogsProductTableViewCell.swift in Sources */,
				F5B061231D6A38BD00F9B4E1 /* AugmentedDataProviderDelegate.swift in Sources */,
				F5FAF3DF1CFDBB2300F9F1FF /* SequenceType+Utilities.swift in Sources */,
				F512E40C1D91847C0086AD68 /* Gravatar.swift in Sources */,
				F512E4081D9179080086AD68 /* CustomersDetailViewController.swift in Sources */,
				F5EBDDB71D2A889C00DD57D9 /* EditDashboardLayoutViewController.swift in Sources */,
				F5B982AF1D6BA19300679271 /* FileDownloadLogsController.swift in Sources */,
				F503888C1D73710E0059BB38 /* FileDownloadLogsPaymentTableViewCell.swift in Sources */,
				F512E4141D920CA30086AD68 /* CustomerRecentSaleTableViewCell.swift in Sources */,
				F5FAF3C81CFB628A00F9F1FF /* ManagedObjectContextSettable.swift in Sources */,
				F512E4101D918FB90086AD68 /* CustomerStatsTableViewCell.swift in Sources */,
				F5B0611F1D69F43700F9B4E1 /* JSON+Null.swift in Sources */,
				F55C60E51CF5155A00A6D812 /* LoginSubmitButton.swift in Sources */,
				F503888A1D7368DA0059BB38 /* FileDownloadLogsMetaTableViewCell.swift in Sources */,
				F51A906B1D955AA2003E06C2 /* SearchTableViewCell.swift in Sources */,
				F5E4887F1D9753FE00C7A2A8 /* SalesDetailHeadingTableViewCell.swift in Sources */,
				F50388861D73393C0059BB38 /* FileDownloadLogsTableViewCell.swift in Sources */,
				F512E40A1D917C480086AD68 /* CustomerProfileTableViewCell.swift in Sources */,
				F512E4161D9407FB0086AD68 /* SalesDetailPaymentTableViewCell.swift in Sources */,
				F5EAAFEE1D87F070004E74EF /* ManageSitesViewController.swift in Sources */,
				F5B061251D6A392C00F9B4E1 /* SalesTableViewCell.swift in Sources */,
			);
			runOnlyForDeploymentPostprocessing = 0;
		};
		F5B061281D6B014F00F9B4E1 /* Sources */ = {
			isa = PBXSourcesBuildPhase;
			buildActionMask = 2147483647;
			files = (
				F5B061311D6B015000F9B4E1 /* TodayViewController.swift in Sources */,
			);
			runOnlyForDeploymentPostprocessing = 0;
		};
/* End PBXSourcesBuildPhase section */

/* Begin PBXTargetDependency section */
		F5B061371D6B015000F9B4E1 /* PBXTargetDependency */ = {
			isa = PBXTargetDependency;
			target = F5B0612B1D6B014F00F9B4E1 /* EDDToday */;
			targetProxy = F5B061361D6B015000F9B4E1 /* PBXContainerItemProxy */;
		};
/* End PBXTargetDependency section */

/* Begin PBXVariantGroup section */
		F5A312911CF1DAE1000F4F6F /* LaunchScreen.storyboard */ = {
			isa = PBXVariantGroup;
			children = (
				F5A312921CF1DAE1000F4F6F /* Base */,
			);
			name = LaunchScreen.storyboard;
			sourceTree = "<group>";
		};
/* End PBXVariantGroup section */

/* Begin XCBuildConfiguration section */
		F5A312951CF1DAE1000F4F6F /* Debug */ = {
			isa = XCBuildConfiguration;
			buildSettings = {
				ALWAYS_SEARCH_USER_PATHS = NO;
				CLANG_ANALYZER_NONNULL = YES;
				CLANG_CXX_LANGUAGE_STANDARD = "gnu++0x";
				CLANG_CXX_LIBRARY = "libc++";
				CLANG_ENABLE_MODULES = YES;
				CLANG_ENABLE_OBJC_ARC = YES;
				CLANG_WARN_BOOL_CONVERSION = YES;
				CLANG_WARN_CONSTANT_CONVERSION = YES;
				CLANG_WARN_DIRECT_OBJC_ISA_USAGE = YES_ERROR;
				CLANG_WARN_EMPTY_BODY = YES;
				CLANG_WARN_ENUM_CONVERSION = YES;
				CLANG_WARN_INFINITE_RECURSION = YES;
				CLANG_WARN_INT_CONVERSION = YES;
				CLANG_WARN_OBJC_ROOT_CLASS = YES_ERROR;
				CLANG_WARN_SUSPICIOUS_MOVE = YES;
				CLANG_WARN_UNREACHABLE_CODE = YES;
				CLANG_WARN__DUPLICATE_METHOD_MATCH = YES;
				"CODE_SIGN_IDENTITY[sdk=iphoneos*]" = "iPhone Developer";
				COPY_PHASE_STRIP = NO;
				DEBUG_INFORMATION_FORMAT = dwarf;
				ENABLE_STRICT_OBJC_MSGSEND = YES;
				ENABLE_TESTABILITY = YES;
				GCC_C_LANGUAGE_STANDARD = gnu99;
				GCC_DYNAMIC_NO_PIC = NO;
				GCC_NO_COMMON_BLOCKS = YES;
				GCC_OPTIMIZATION_LEVEL = 0;
				GCC_PREPROCESSOR_DEFINITIONS = (
					"DEBUG=1",
					"$(inherited)",
				);
				GCC_WARN_64_TO_32_BIT_CONVERSION = YES;
				GCC_WARN_ABOUT_RETURN_TYPE = YES_ERROR;
				GCC_WARN_UNDECLARED_SELECTOR = YES;
				GCC_WARN_UNINITIALIZED_AUTOS = YES_AGGRESSIVE;
				GCC_WARN_UNUSED_FUNCTION = YES;
				GCC_WARN_UNUSED_VARIABLE = YES;
				IPHONEOS_DEPLOYMENT_TARGET = 9.3;
				MTL_ENABLE_DEBUG_INFO = YES;
				ONLY_ACTIVE_ARCH = YES;
				SDKROOT = iphoneos;
				SWIFT_OPTIMIZATION_LEVEL = "-Onone";
				TARGETED_DEVICE_FAMILY = "1,2";
			};
			name = Debug;
		};
		F5A312961CF1DAE1000F4F6F /* Release */ = {
			isa = XCBuildConfiguration;
			buildSettings = {
				ALWAYS_SEARCH_USER_PATHS = NO;
				CLANG_ANALYZER_NONNULL = YES;
				CLANG_CXX_LANGUAGE_STANDARD = "gnu++0x";
				CLANG_CXX_LIBRARY = "libc++";
				CLANG_ENABLE_MODULES = YES;
				CLANG_ENABLE_OBJC_ARC = YES;
				CLANG_WARN_BOOL_CONVERSION = YES;
				CLANG_WARN_CONSTANT_CONVERSION = YES;
				CLANG_WARN_DIRECT_OBJC_ISA_USAGE = YES_ERROR;
				CLANG_WARN_EMPTY_BODY = YES;
				CLANG_WARN_ENUM_CONVERSION = YES;
				CLANG_WARN_INFINITE_RECURSION = YES;
				CLANG_WARN_INT_CONVERSION = YES;
				CLANG_WARN_OBJC_ROOT_CLASS = YES_ERROR;
				CLANG_WARN_SUSPICIOUS_MOVE = YES;
				CLANG_WARN_UNREACHABLE_CODE = YES;
				CLANG_WARN__DUPLICATE_METHOD_MATCH = YES;
				"CODE_SIGN_IDENTITY[sdk=iphoneos*]" = "iPhone Developer";
				COPY_PHASE_STRIP = NO;
				DEBUG_INFORMATION_FORMAT = "dwarf-with-dsym";
				ENABLE_NS_ASSERTIONS = NO;
				ENABLE_STRICT_OBJC_MSGSEND = YES;
				GCC_C_LANGUAGE_STANDARD = gnu99;
				GCC_NO_COMMON_BLOCKS = YES;
				GCC_WARN_64_TO_32_BIT_CONVERSION = YES;
				GCC_WARN_ABOUT_RETURN_TYPE = YES_ERROR;
				GCC_WARN_UNDECLARED_SELECTOR = YES;
				GCC_WARN_UNINITIALIZED_AUTOS = YES_AGGRESSIVE;
				GCC_WARN_UNUSED_FUNCTION = YES;
				GCC_WARN_UNUSED_VARIABLE = YES;
				IPHONEOS_DEPLOYMENT_TARGET = 9.3;
				MTL_ENABLE_DEBUG_INFO = NO;
				SDKROOT = iphoneos;
				SWIFT_OPTIMIZATION_LEVEL = "-Owholemodule";
				TARGETED_DEVICE_FAMILY = "1,2";
				VALIDATE_PRODUCT = YES;
			};
			name = Release;
		};
		F5A312981CF1DAE1000F4F6F /* Debug */ = {
			isa = XCBuildConfiguration;
			baseConfigurationReference = 4245509389ED9AAD9E3A653B /* Pods-EDD-Easy Digital Downloads.debug.xcconfig */;
			buildSettings = {
				ALWAYS_EMBED_SWIFT_STANDARD_LIBRARIES = YES;
				ASSETCATALOG_COMPILER_APPICON_NAME = AppIcon;
				CLANG_ENABLE_MODULES = YES;
				CODE_SIGN_ENTITLEMENTS = "Easy Digital Downloads/Easy Digital Downloads.entitlements";
				INFOPLIST_FILE = "Easy Digital Downloads/Info.plist";
				LD_RUNPATH_SEARCH_PATHS = "$(inherited) @executable_path/Frameworks";
				PRODUCT_BUNDLE_IDENTIFIER = com.easydigitaldownloads.EDDSalesTracker;
				PRODUCT_NAME = "$(TARGET_NAME)";
				SWIFT_OBJC_BRIDGING_HEADER = "Easy Digital Downloads/Easy Digital Downloads-Bridging-Header.h";
				SWIFT_OPTIMIZATION_LEVEL = "-Onone";
				SWIFT_VERSION = 2.3;
			};
			name = Debug;
		};
		F5A312991CF1DAE1000F4F6F /* Release */ = {
			isa = XCBuildConfiguration;
			baseConfigurationReference = 0417CD63DA9A5FA7967B36FF /* Pods-EDD-Easy Digital Downloads.release.xcconfig */;
			buildSettings = {
				ALWAYS_EMBED_SWIFT_STANDARD_LIBRARIES = YES;
				ASSETCATALOG_COMPILER_APPICON_NAME = AppIcon;
				CLANG_ENABLE_MODULES = YES;
				CODE_SIGN_ENTITLEMENTS = "Easy Digital Downloads/Easy Digital Downloads.entitlements";
				INFOPLIST_FILE = "Easy Digital Downloads/Info.plist";
				LD_RUNPATH_SEARCH_PATHS = "$(inherited) @executable_path/Frameworks";
				PRODUCT_BUNDLE_IDENTIFIER = com.easydigitaldownloads.EDDSalesTracker;
				PRODUCT_NAME = "$(TARGET_NAME)";
				SWIFT_OBJC_BRIDGING_HEADER = "Easy Digital Downloads/Easy Digital Downloads-Bridging-Header.h";
				SWIFT_VERSION = 2.3;
			};
			name = Release;
		};
		F5B0613A1D6B015000F9B4E1 /* Debug */ = {
			isa = XCBuildConfiguration;
			baseConfigurationReference = B1CD92666F5B5787429402AB /* Pods-EDD-EDDToday.debug.xcconfig */;
			buildSettings = {
				CODE_SIGN_ENTITLEMENTS = EDDToday/EDDToday.entitlements;
				INFOPLIST_FILE = EDDToday/Info.plist;
				LD_RUNPATH_SEARCH_PATHS = "$(inherited) @executable_path/Frameworks @executable_path/../../Frameworks";
				PRODUCT_BUNDLE_IDENTIFIER = com.easydigitaldownloads.EDDSalesTracker.EDDToday;
				PRODUCT_NAME = "$(TARGET_NAME)";
				SKIP_INSTALL = YES;
				SWIFT_VERSION = 2.3;
			};
			name = Debug;
		};
		F5B0613B1D6B015000F9B4E1 /* Release */ = {
			isa = XCBuildConfiguration;
			baseConfigurationReference = D3DD97B0F116D34940763117 /* Pods-EDD-EDDToday.release.xcconfig */;
			buildSettings = {
				CODE_SIGN_ENTITLEMENTS = EDDToday/EDDToday.entitlements;
				INFOPLIST_FILE = EDDToday/Info.plist;
				LD_RUNPATH_SEARCH_PATHS = "$(inherited) @executable_path/Frameworks @executable_path/../../Frameworks";
				PRODUCT_BUNDLE_IDENTIFIER = com.easydigitaldownloads.EDDSalesTracker.EDDToday;
				PRODUCT_NAME = "$(TARGET_NAME)";
				SKIP_INSTALL = YES;
				SWIFT_VERSION = 2.3;
			};
			name = Release;
		};
/* End XCBuildConfiguration section */

/* Begin XCConfigurationList section */
		F5A312801CF1DAE1000F4F6F /* Build configuration list for PBXProject "Easy Digital Downloads" */ = {
			isa = XCConfigurationList;
			buildConfigurations = (
				F5A312951CF1DAE1000F4F6F /* Debug */,
				F5A312961CF1DAE1000F4F6F /* Release */,
			);
			defaultConfigurationIsVisible = 0;
			defaultConfigurationName = Release;
		};
		F5A312971CF1DAE1000F4F6F /* Build configuration list for PBXNativeTarget "Easy Digital Downloads" */ = {
			isa = XCConfigurationList;
			buildConfigurations = (
				F5A312981CF1DAE1000F4F6F /* Debug */,
				F5A312991CF1DAE1000F4F6F /* Release */,
			);
			defaultConfigurationIsVisible = 0;
			defaultConfigurationName = Release;
		};
		F5B061391D6B015000F9B4E1 /* Build configuration list for PBXNativeTarget "EDDToday" */ = {
			isa = XCConfigurationList;
			buildConfigurations = (
				F5B0613A1D6B015000F9B4E1 /* Debug */,
				F5B0613B1D6B015000F9B4E1 /* Release */,
			);
			defaultConfigurationIsVisible = 0;
			defaultConfigurationName = Release;
		};
/* End XCConfigurationList section */

/* Begin XCVersionGroup section */
		F5EF5E9A1CF2FD9E00298841 /* EDD.xcdatamodeld */ = {
			isa = XCVersionGroup;
			children = (
				F5EF5E9B1CF2FD9E00298841 /* EDD.xcdatamodel */,
			);
			currentVersion = F5EF5E9B1CF2FD9E00298841 /* EDD.xcdatamodel */;
			path = EDD.xcdatamodeld;
			sourceTree = "<group>";
			versionGroupType = wrapper.xcdatamodel;
		};
/* End XCVersionGroup section */
	};
	rootObject = F5A3127D1CF1DAE1000F4F6F /* Project object */;
}
